
Microsoft Visual Studio Solution File, Format Version 12.00
# Visual Studio Version 17
VisualStudioVersion = 17.9.34723.18
MinimumVisualStudioVersion = 10.0.40219.1
Project("{2150E333-8FDC-42A3-9474-1A3956D46DE8}") = "library", "library", "{16C02BB2-DD27-40EE-8ECE-B93587C9E562}"
	ProjectSection(SolutionItems) = preProject
		library\debug.h = library\debug.h
		library\define.h = library\define.h
		library\function.h = library\function.h
		library\memory.h = library\memory.h
		library\template.h = library\template.h
	EndProjectSection
EndProject
Project("{2150E333-8FDC-42A3-9474-1A3956D46DE8}") = "module", "module", "{5FE7E891-5452-49AD-B69B-74DECBD9CAAE}"
EndProject
Project("{2150E333-8FDC-42A3-9474-1A3956D46DE8}") = "framework", "framework", "{9E061FC9-D46F-4980-95C4-9EE400541711}"
EndProject
Project("{8BC9CEB8-8B4A-11D0-8D11-00A0C91BC942}") = "container", "library\container\container.vcxproj", "{7F2BFC87-C83D-483C-8476-0D0595FC1764}"
EndProject
Project("{8BC9CEB8-8B4A-11D0-8D11-00A0C91BC942}") = "system", "library\system\system.vcxproj", "{3FB7291B-F505-4EF5-A3C7-BE8326FE3910}"
EndProject
Project("{8BC9CEB8-8B4A-11D0-8D11-00A0C91BC942}") = "pattern", "library\pattern\pattern.vcxproj", "{994AC3F7-3866-48CE-9711-AE424D70F290}"
EndProject
Project("{8BC9CEB8-8B4A-11D0-8D11-00A0C91BC942}") = "algorithm", "library\algorithm\algorithm.vcxproj", "{1F6AEE91-C829-4C61-8430-FC3E214F3FF9}"
EndProject
Project("{8BC9CEB8-8B4A-11D0-8D11-00A0C91BC942}") = "storage", "library\storage\storage.vcxproj", "{C571EDF5-5F26-4A77-BADC-93CD7470D174}"
EndProject
Project("{8BC9CEB8-8B4A-11D0-8D11-00A0C91BC942}") = "utility", "module\utility\utility.vcxproj", "{62E2C5BE-4B18-46F5-B4AD-CEB72C2AE4F9}"
EndProject
Project("{8BC9CEB8-8B4A-11D0-8D11-00A0C91BC942}") = "server", "framework\server\server.vcxproj", "{34D137D6-1CE2-439A-AEB4-951AFAC17C28}"
EndProject
Project("{8BC9CEB8-8B4A-11D0-8D11-00A0C91BC942}") = "window", "module\window\window.vcxproj", "{00349B04-B26B-44D0-8179-BC7FDC32F899}"
EndProject
Project("{8BC9CEB8-8B4A-11D0-8D11-00A0C91BC942}") = "directx", "module\directx\directx.vcxproj", "{2EB759EB-E820-4D88-8988-DD5091A4429F}"
EndProject
Project("{8BC9CEB8-8B4A-11D0-8D11-00A0C91BC942}") = "client", "framework\client\client.vcxproj", "{42C34441-8EEC-465A-9F10-913EC7C51391}"
EndProject
Project("{8BC9CEB8-8B4A-11D0-8D11-00A0C91BC942}") = "scheduler", "module\scheduler\scheduler.vcxproj", "{AA5C4512-19AE-4338-8F77-A412D1AC3B08}"
EndProject
Project("{8BC9CEB8-8B4A-11D0-8D11-00A0C91BC942}") = "game_input", "module\game_input\game_input.vcxproj", "{DB4B2A24-D711-46B0-9929-A80CB473C035}"
EndProject
Global
	GlobalSection(SolutionConfigurationPlatforms) = preSolution
		Debug|x64 = Debug|x64
		Debug|x86 = Debug|x86
		Release|x64 = Release|x64
		Release|x86 = Release|x86
	EndGlobalSection
	GlobalSection(ProjectConfigurationPlatforms) = postSolution
		{7F2BFC87-C83D-483C-8476-0D0595FC1764}.Debug|x64.ActiveCfg = Debug|x64
		{7F2BFC87-C83D-483C-8476-0D0595FC1764}.Debug|x64.Build.0 = Debug|x64
		{7F2BFC87-C83D-483C-8476-0D0595FC1764}.Debug|x86.ActiveCfg = Debug|Win32
		{7F2BFC87-C83D-483C-8476-0D0595FC1764}.Debug|x86.Build.0 = Debug|Win32
		{7F2BFC87-C83D-483C-8476-0D0595FC1764}.Release|x64.ActiveCfg = Release|x64
		{7F2BFC87-C83D-483C-8476-0D0595FC1764}.Release|x64.Build.0 = Release|x64
		{7F2BFC87-C83D-483C-8476-0D0595FC1764}.Release|x86.ActiveCfg = Release|Win32
		{7F2BFC87-C83D-483C-8476-0D0595FC1764}.Release|x86.Build.0 = Release|Win32
		{3FB7291B-F505-4EF5-A3C7-BE8326FE3910}.Debug|x64.ActiveCfg = Debug|x64
		{3FB7291B-F505-4EF5-A3C7-BE8326FE3910}.Debug|x64.Build.0 = Debug|x64
		{3FB7291B-F505-4EF5-A3C7-BE8326FE3910}.Debug|x86.ActiveCfg = Debug|Win32
		{3FB7291B-F505-4EF5-A3C7-BE8326FE3910}.Debug|x86.Build.0 = Debug|Win32
		{3FB7291B-F505-4EF5-A3C7-BE8326FE3910}.Release|x64.ActiveCfg = Release|x64
		{3FB7291B-F505-4EF5-A3C7-BE8326FE3910}.Release|x64.Build.0 = Release|x64
		{3FB7291B-F505-4EF5-A3C7-BE8326FE3910}.Release|x86.ActiveCfg = Release|Win32
		{3FB7291B-F505-4EF5-A3C7-BE8326FE3910}.Release|x86.Build.0 = Release|Win32
		{994AC3F7-3866-48CE-9711-AE424D70F290}.Debug|x64.ActiveCfg = Debug|x64
		{994AC3F7-3866-48CE-9711-AE424D70F290}.Debug|x64.Build.0 = Debug|x64
		{994AC3F7-3866-48CE-9711-AE424D70F290}.Debug|x86.ActiveCfg = Debug|Win32
		{994AC3F7-3866-48CE-9711-AE424D70F290}.Debug|x86.Build.0 = Debug|Win32
		{994AC3F7-3866-48CE-9711-AE424D70F290}.Release|x64.ActiveCfg = Release|x64
		{994AC3F7-3866-48CE-9711-AE424D70F290}.Release|x64.Build.0 = Release|x64
		{994AC3F7-3866-48CE-9711-AE424D70F290}.Release|x86.ActiveCfg = Release|Win32
		{994AC3F7-3866-48CE-9711-AE424D70F290}.Release|x86.Build.0 = Release|Win32
		{1F6AEE91-C829-4C61-8430-FC3E214F3FF9}.Debug|x64.ActiveCfg = Debug|x64
		{1F6AEE91-C829-4C61-8430-FC3E214F3FF9}.Debug|x64.Build.0 = Debug|x64
		{1F6AEE91-C829-4C61-8430-FC3E214F3FF9}.Debug|x86.ActiveCfg = Debug|Win32
		{1F6AEE91-C829-4C61-8430-FC3E214F3FF9}.Debug|x86.Build.0 = Debug|Win32
		{1F6AEE91-C829-4C61-8430-FC3E214F3FF9}.Release|x64.ActiveCfg = Release|x64
		{1F6AEE91-C829-4C61-8430-FC3E214F3FF9}.Release|x64.Build.0 = Release|x64
		{1F6AEE91-C829-4C61-8430-FC3E214F3FF9}.Release|x86.ActiveCfg = Release|Win32
		{1F6AEE91-C829-4C61-8430-FC3E214F3FF9}.Release|x86.Build.0 = Release|Win32
		{C571EDF5-5F26-4A77-BADC-93CD7470D174}.Debug|x64.ActiveCfg = Debug|x64
		{C571EDF5-5F26-4A77-BADC-93CD7470D174}.Debug|x64.Build.0 = Debug|x64
		{C571EDF5-5F26-4A77-BADC-93CD7470D174}.Debug|x86.ActiveCfg = Debug|Win32
		{C571EDF5-5F26-4A77-BADC-93CD7470D174}.Debug|x86.Build.0 = Debug|Win32
		{C571EDF5-5F26-4A77-BADC-93CD7470D174}.Release|x64.ActiveCfg = Release|x64
		{C571EDF5-5F26-4A77-BADC-93CD7470D174}.Release|x64.Build.0 = Release|x64
		{C571EDF5-5F26-4A77-BADC-93CD7470D174}.Release|x86.ActiveCfg = Release|Win32
		{C571EDF5-5F26-4A77-BADC-93CD7470D174}.Release|x86.Build.0 = Release|Win32
		{62E2C5BE-4B18-46F5-B4AD-CEB72C2AE4F9}.Debug|x64.ActiveCfg = Debug|x64
		{62E2C5BE-4B18-46F5-B4AD-CEB72C2AE4F9}.Debug|x64.Build.0 = Debug|x64
		{62E2C5BE-4B18-46F5-B4AD-CEB72C2AE4F9}.Debug|x86.ActiveCfg = Debug|Win32
		{62E2C5BE-4B18-46F5-B4AD-CEB72C2AE4F9}.Debug|x86.Build.0 = Debug|Win32
		{62E2C5BE-4B18-46F5-B4AD-CEB72C2AE4F9}.Release|x64.ActiveCfg = Release|x64
		{62E2C5BE-4B18-46F5-B4AD-CEB72C2AE4F9}.Release|x64.Build.0 = Release|x64
		{62E2C5BE-4B18-46F5-B4AD-CEB72C2AE4F9}.Release|x86.ActiveCfg = Release|Win32
		{62E2C5BE-4B18-46F5-B4AD-CEB72C2AE4F9}.Release|x86.Build.0 = Release|Win32
		{34D137D6-1CE2-439A-AEB4-951AFAC17C28}.Debug|x64.ActiveCfg = Debug|x64
		{34D137D6-1CE2-439A-AEB4-951AFAC17C28}.Debug|x64.Build.0 = Debug|x64
		{34D137D6-1CE2-439A-AEB4-951AFAC17C28}.Debug|x86.ActiveCfg = Debug|Win32
		{34D137D6-1CE2-439A-AEB4-951AFAC17C28}.Debug|x86.Build.0 = Debug|Win32
		{34D137D6-1CE2-439A-AEB4-951AFAC17C28}.Release|x64.ActiveCfg = Release|x64
		{34D137D6-1CE2-439A-AEB4-951AFAC17C28}.Release|x64.Build.0 = Release|x64
		{34D137D6-1CE2-439A-AEB4-951AFAC17C28}.Release|x86.ActiveCfg = Release|Win32
		{34D137D6-1CE2-439A-AEB4-951AFAC17C28}.Release|x86.Build.0 = Release|Win32
		{00349B04-B26B-44D0-8179-BC7FDC32F899}.Debug|x64.ActiveCfg = Debug|x64
		{00349B04-B26B-44D0-8179-BC7FDC32F899}.Debug|x64.Build.0 = Debug|x64
		{00349B04-B26B-44D0-8179-BC7FDC32F899}.Debug|x86.ActiveCfg = Debug|Win32
		{00349B04-B26B-44D0-8179-BC7FDC32F899}.Debug|x86.Build.0 = Debug|Win32
		{00349B04-B26B-44D0-8179-BC7FDC32F899}.Release|x64.ActiveCfg = Release|x64
		{00349B04-B26B-44D0-8179-BC7FDC32F899}.Release|x64.Build.0 = Release|x64
		{00349B04-B26B-44D0-8179-BC7FDC32F899}.Release|x86.ActiveCfg = Release|Win32
		{00349B04-B26B-44D0-8179-BC7FDC32F899}.Release|x86.Build.0 = Release|Win32
		{2EB759EB-E820-4D88-8988-DD5091A4429F}.Debug|x64.ActiveCfg = Debug|x64
		{2EB759EB-E820-4D88-8988-DD5091A4429F}.Debug|x64.Build.0 = Debug|x64
		{2EB759EB-E820-4D88-8988-DD5091A4429F}.Debug|x86.ActiveCfg = Debug|Win32
		{2EB759EB-E820-4D88-8988-DD5091A4429F}.Debug|x86.Build.0 = Debug|Win32
		{2EB759EB-E820-4D88-8988-DD5091A4429F}.Release|x64.ActiveCfg = Release|x64
		{2EB759EB-E820-4D88-8988-DD5091A4429F}.Release|x64.Build.0 = Release|x64
		{2EB759EB-E820-4D88-8988-DD5091A4429F}.Release|x86.ActiveCfg = Release|Win32
		{2EB759EB-E820-4D88-8988-DD5091A4429F}.Release|x86.Build.0 = Release|Win32
		{42C34441-8EEC-465A-9F10-913EC7C51391}.Debug|x64.ActiveCfg = Debug|x64
		{42C34441-8EEC-465A-9F10-913EC7C51391}.Debug|x64.Build.0 = Debug|x64
		{42C34441-8EEC-465A-9F10-913EC7C51391}.Debug|x86.ActiveCfg = Debug|Win32
		{42C34441-8EEC-465A-9F10-913EC7C51391}.Debug|x86.Build.0 = Debug|Win32
		{42C34441-8EEC-465A-9F10-913EC7C51391}.Release|x64.ActiveCfg = Release|x64
		{42C34441-8EEC-465A-9F10-913EC7C51391}.Release|x64.Build.0 = Release|x64
		{42C34441-8EEC-465A-9F10-913EC7C51391}.Release|x86.ActiveCfg = Release|Win32
		{42C34441-8EEC-465A-9F10-913EC7C51391}.Release|x86.Build.0 = Release|Win32
		{AA5C4512-19AE-4338-8F77-A412D1AC3B08}.Debug|x64.ActiveCfg = Debug|x64
		{AA5C4512-19AE-4338-8F77-A412D1AC3B08}.Debug|x64.Build.0 = Debug|x64
		{AA5C4512-19AE-4338-8F77-A412D1AC3B08}.Debug|x86.ActiveCfg = Debug|Win32
		{AA5C4512-19AE-4338-8F77-A412D1AC3B08}.Debug|x86.Build.0 = Debug|Win32
		{AA5C4512-19AE-4338-8F77-A412D1AC3B08}.Release|x64.ActiveCfg = Release|x64
		{AA5C4512-19AE-4338-8F77-A412D1AC3B08}.Release|x64.Build.0 = Release|x64
		{AA5C4512-19AE-4338-8F77-A412D1AC3B08}.Release|x86.ActiveCfg = Release|Win32
		{AA5C4512-19AE-4338-8F77-A412D1AC3B08}.Release|x86.Build.0 = Release|Win32
		{DB4B2A24-D711-46B0-9929-A80CB473C035}.Debug|x64.ActiveCfg = Debug|x64
		{DB4B2A24-D711-46B0-9929-A80CB473C035}.Debug|x64.Build.0 = Debug|x64
		{DB4B2A24-D711-46B0-9929-A80CB473C035}.Debug|x86.ActiveCfg = Debug|Win32
		{DB4B2A24-D711-46B0-9929-A80CB473C035}.Debug|x86.Build.0 = Debug|Win32
		{DB4B2A24-D711-46B0-9929-A80CB473C035}.Release|x64.ActiveCfg = Release|x64
		{DB4B2A24-D711-46B0-9929-A80CB473C035}.Release|x64.Build.0 = Release|x64
		{DB4B2A24-D711-46B0-9929-A80CB473C035}.Release|x86.ActiveCfg = Release|Win32
		{DB4B2A24-D711-46B0-9929-A80CB473C035}.Release|x86.Build.0 = Release|Win32
	EndGlobalSection
	GlobalSection(SolutionProperties) = preSolution
		HideSolutionNode = FALSE
	EndGlobalSection
	GlobalSection(NestedProjects) = preSolution
		{7F2BFC87-C83D-483C-8476-0D0595FC1764} = {16C02BB2-DD27-40EE-8ECE-B93587C9E562}
		{3FB7291B-F505-4EF5-A3C7-BE8326FE3910} = {16C02BB2-DD27-40EE-8ECE-B93587C9E562}
		{994AC3F7-3866-48CE-9711-AE424D70F290} = {16C02BB2-DD27-40EE-8ECE-B93587C9E562}
		{1F6AEE91-C829-4C61-8430-FC3E214F3FF9} = {16C02BB2-DD27-40EE-8ECE-B93587C9E562}
		{C571EDF5-5F26-4A77-BADC-93CD7470D174} = {16C02BB2-DD27-40EE-8ECE-B93587C9E562}
		{62E2C5BE-4B18-46F5-B4AD-CEB72C2AE4F9} = {5FE7E891-5452-49AD-B69B-74DECBD9CAAE}
		{34D137D6-1CE2-439A-AEB4-951AFAC17C28} = {9E061FC9-D46F-4980-95C4-9EE400541711}
		{00349B04-B26B-44D0-8179-BC7FDC32F899} = {5FE7E891-5452-49AD-B69B-74DECBD9CAAE}
		{2EB759EB-E820-4D88-8988-DD5091A4429F} = {5FE7E891-5452-49AD-B69B-74DECBD9CAAE}
		{42C34441-8EEC-465A-9F10-913EC7C51391} = {9E061FC9-D46F-4980-95C4-9EE400541711}
		{AA5C4512-19AE-4338-8F77-A412D1AC3B08} = {5FE7E891-5452-49AD-B69B-74DECBD9CAAE}
		{DB4B2A24-D711-46B0-9929-A80CB473C035} = {5FE7E891-5452-49AD-B69B-74DECBD9CAAE}
	EndGlobalSection
	GlobalSection(ExtensibilityGlobals) = postSolution
		SolutionGuid = {C69985D6-20AB-4E9A-AD82-08BFBE490891}
	EndGlobalSection
EndGlobal
