
Microsoft Visual Studio Solution File, Format Version 12.00
# Visual Studio Version 17
VisualStudioVersion = 17.9.34723.18
MinimumVisualStudioVersion = 10.0.40219.1
Project("{2150E333-8FDC-42A3-9474-1A3956D46DE8}") = "data-structure", "data-structure", "{638B906C-1177-49D6-86F1-FCF8F6BED5FE}"
	ProjectSection(SolutionItems) = preProject
		data-structure\my_class.h = data-structure\my_class.h
	EndProjectSection
EndProject
Project("{8BC9CEB8-8B4A-11D0-8D11-00A0C91BC942}") = "array", "data-structure\array\array.vcxproj", "{E69E1F88-ED9F-4D15-B9A4-B683E3EEC288}"
EndProject
Project("{8BC9CEB8-8B4A-11D0-8D11-00A0C91BC942}") = "bit-grid", "data-structure\bit-grid\bit-grid.vcxproj", "{82B520E1-4783-4504-840A-3E5CD3B911A4}"
EndProject
Project("{8BC9CEB8-8B4A-11D0-8D11-00A0C91BC942}") = "list", "data-structure\list\list.vcxproj", "{5EA025E7-317C-45E1-B762-AD1EFC95957F}"
EndProject
Project("{8BC9CEB8-8B4A-11D0-8D11-00A0C91BC942}") = "pair", "data-structure\pair\pair.vcxproj", "{69815118-1F6D-491E-9C51-0793AF935EDE}"
EndProject
Project("{8BC9CEB8-8B4A-11D0-8D11-00A0C91BC942}") = "ring-buffer", "data-structure\ring-buffer\ring-buffer.vcxproj", "{BFBF835E-F6F8-42B7-A9E2-FA5B3838A4E2}"
EndProject
Project("{8BC9CEB8-8B4A-11D0-8D11-00A0C91BC942}") = "serialize-buffer", "data-structure\serialize-buffer\serialize-buffer.vcxproj", "{60C0452C-F42A-4FE7-B0C3-BABEAC58BD26}"
EndProject
Project("{8BC9CEB8-8B4A-11D0-8D11-00A0C91BC942}") = "tuple", "data-structure\tuple\tuple.vcxproj", "{08545193-A844-45DA-95F0-0EBDAF30B741}"
EndProject
Project("{8BC9CEB8-8B4A-11D0-8D11-00A0C91BC942}") = "vector", "data-structure\vector\vector.vcxproj", "{403012C0-AB41-4838-A0F0-0C085C602760}"
EndProject
Project("{2150E333-8FDC-42A3-9474-1A3956D46DE8}") = "design-pattern", "design-pattern", "{23F97BB6-7B24-4705-B39C-9108B0A99B03}"
EndProject
Project("{8BC9CEB8-8B4A-11D0-8D11-00A0C91BC942}") = "singleton", "design-pettern\singleton\singleton.vcxproj", "{85AA971B-3B9F-4441-A958-69DCAC3FC08F}"
EndProject
Project("{2150E333-8FDC-42A3-9474-1A3956D46DE8}") = "utility", "utility", "{A1116243-A419-4C1A-8BCB-D66ABA7E979C}"
EndProject
Project("{8BC9CEB8-8B4A-11D0-8D11-00A0C91BC942}") = "cache-simulator", "utility\cache-simulator\cache-simulator.vcxproj", "{F1EA1A74-DD5B-4346-9B4E-C7B4702DA29B}"
EndProject
Project("{8BC9CEB8-8B4A-11D0-8D11-00A0C91BC942}") = "logger", "utility\logger\logger.vcxproj", "{58115674-FA8D-48CD-B00D-25E8298469C6}"
EndProject
Project("{8BC9CEB8-8B4A-11D0-8D11-00A0C91BC942}") = "profiler", "utility\profiler\profiler.vcxproj", "{12FF0685-339D-4A07-BDE3-B1D6F4EDCB73}"
EndProject
Project("{2150E333-8FDC-42A3-9474-1A3956D46DE8}") = "system", "system", "{1AA55DD9-5821-4C5B-980D-997F42D8264C}"
EndProject
Project("{2150E333-8FDC-42A3-9474-1A3956D46DE8}") = "algorithm", "algorithm", "{88033A2C-B20C-4143-A6D8-0A943F34408E}"
EndProject
Project("{2150E333-8FDC-42A3-9474-1A3956D46DE8}") = "intrusive", "intrusive", "{AA0C0EF0-7364-4B4D-9ADD-E2B0CD2679BF}"
EndProject
Project("{8BC9CEB8-8B4A-11D0-8D11-00A0C91BC942}") = "resource-acquisition-is-initialization", "design-pettern\resource-acquisition-is-initialization\resource-acquisition-is-initialization.vcxproj", "{FC39D5CA-C8DE-45EC-B43E-08EDA8572D63}"
EndProject
Project("{8BC9CEB8-8B4A-11D0-8D11-00A0C91BC942}") = "crash-dump", "utility\crash-dump\crash-dump.vcxproj", "{DF915CC9-C27A-4021-9102-F2C7A8182DDC}"
EndProject
Project("{8BC9CEB8-8B4A-11D0-8D11-00A0C91BC942}") = "performance-monitor", "utility\performance-monitor\performance-monitor.vcxproj", "{B87BF4FA-193C-4CCF-BBCC-5D561AEBEABA}"
EndProject
Project("{2150E333-8FDC-42A3-9474-1A3956D46DE8}") = "lockfree", "lockfree", "{AC45BA54-4F8F-40BA-A97B-25E230AAE4C5}"
EndProject
Project("{8BC9CEB8-8B4A-11D0-8D11-00A0C91BC942}") = "queue", "data-structure\queue\queue.vcxproj", "{FDD49896-8CA4-4D61-9548-C5F1A60F94BD}"
EndProject
Project("{2150E333-8FDC-42A3-9474-1A3956D46DE8}") = "thread-local", "thread-local", "{EEA6EF43-67E7-4CF4-A2DB-000E8B41996D}"
EndProject
Project("{2150E333-8FDC-42A3-9474-1A3956D46DE8}") = "thread-local", "thread-local", "{C5C55FE0-4A9C-4660-8830-EB3B7001A411}"
EndProject
Project("{8BC9CEB8-8B4A-11D0-8D11-00A0C91BC942}") = "list", "data-structure\intrusive\list\list.vcxproj", "{19A719E7-5030-43D7-9F67-5EA04874846B}"
EndProject
Project("{8BC9CEB8-8B4A-11D0-8D11-00A0C91BC942}") = "shared-pointer", "data-structure\intrusive\shared-pointer\shared-pointer.vcxproj", "{9C48C1BD-27AC-4697-B96B-4EBCB437259A}"
EndProject
Project("{8BC9CEB8-8B4A-11D0-8D11-00A0C91BC942}") = "queue", "data-structure\lockfree\queue\queue.vcxproj", "{596AB83F-D3C5-4484-AEE5-0DEF6E8ADBE9}"
EndProject
Project("{8BC9CEB8-8B4A-11D0-8D11-00A0C91BC942}") = "stack", "data-structure\lockfree\stack\stack.vcxproj", "{D0841A3F-8EDC-418F-AFCF-60DB176EC104}"
EndProject
Project("{8BC9CEB8-8B4A-11D0-8D11-00A0C91BC942}") = "singleton", "design-pettern\thread-local\singleton\singleton.vcxproj", "{FE7BE6E5-72D7-4EA3-A6FC-11693B25C40E}"
EndProject
Project("{8BC9CEB8-8B4A-11D0-8D11-00A0C91BC942}") = "parser", "utility\parser\parser.vcxproj", "{E9E84740-9346-4875-A92D-40BE85B65596}"
EndProject
Project("{8BC9CEB8-8B4A-11D0-8D11-00A0C91BC942}") = "command", "design-pettern\command\command.vcxproj", "{1133CAA1-1840-4BC3-8CD0-7ED97FF18ABC}"
EndProject
Project("{2150E333-8FDC-42A3-9474-1A3956D46DE8}") = "database", "database", "{27441084-B1E4-494E-83C4-66A4BCBA9805}"
EndProject
Project("{8BC9CEB8-8B4A-11D0-8D11-00A0C91BC942}") = "mysql", "database\mysql\mysql.vcxproj", "{FB127A63-6F88-420D-A72A-CA61E63409B1}"
EndProject
Project("{8BC9CEB8-8B4A-11D0-8D11-00A0C91BC942}") = "redis", "database\redis\redis.vcxproj", "{8AC5CBF9-9D50-42C7-8CCF-DE19BA1FA27D}"
EndProject
Project("{8BC9CEB8-8B4A-11D0-8D11-00A0C91BC942}") = "pool", "data-structure\pool\pool.vcxproj", "{1E8EED34-0B14-4673-8549-E6486550F088}"
EndProject
Project("{8BC9CEB8-8B4A-11D0-8D11-00A0C91BC942}") = "pool", "data-structure\lockfree\pool\pool.vcxproj", "{B1810833-73C7-4CA4-AF4B-AFF097390F1A}"
EndProject
Project("{8BC9CEB8-8B4A-11D0-8D11-00A0C91BC942}") = "pool", "data-structure\thread-local\pool\pool.vcxproj", "{0F739725-F22B-4E8D-BEC8-FE12A801EAD0}"
EndProject
Project("{8BC9CEB8-8B4A-11D0-8D11-00A0C91BC942}") = "socket", "system\socket\socket.vcxproj", "{55BD7FD7-5D94-4D30-AE3D-B9A5A3EA346C}"
EndProject
Project("{8BC9CEB8-8B4A-11D0-8D11-00A0C91BC942}") = "coroutine", "system\coroutine\coroutine.vcxproj", "{0A10A3C7-9704-4ADA-B10B-6B2D4CF84521}"
EndProject
Project("{8BC9CEB8-8B4A-11D0-8D11-00A0C91BC942}") = "console", "system\console\console.vcxproj", "{A1A8E236-81B9-4BD8-9041-0A855F7E515D}"
EndProject
Project("{8BC9CEB8-8B4A-11D0-8D11-00A0C91BC942}") = "handle", "system\handle\handle.vcxproj", "{CC7F5DA5-5C2B-4B7E-A44F-FA2863AD7471}"
EndProject
Project("{8BC9CEB8-8B4A-11D0-8D11-00A0C91BC942}") = "file", "system\file\file.vcxproj", "{6B63E413-6981-4F5D-9A04-D588BCC5212E}"
EndProject
Project("{8BC9CEB8-8B4A-11D0-8D11-00A0C91BC942}") = "human-interface-device", "system\human-interface-device\human-interface-device.vcxproj", "{8A759BD1-1910-4825-96C7-0C5C0ED8C5B0}"
EndProject
Project("{8BC9CEB8-8B4A-11D0-8D11-00A0C91BC942}") = "inputoutput-completion-port", "system\inputoutput-completion-port\inputoutput-completion-port.vcxproj", "{0CE5BC67-57DD-40DF-A415-D94A2C63BF4A}"
EndProject
Project("{8BC9CEB8-8B4A-11D0-8D11-00A0C91BC942}") = "interlocked", "system\interlocked\interlocked.vcxproj", "{2F13CEB2-C11A-47CF-A012-B1FA14ABFBE0}"
EndProject
Project("{8BC9CEB8-8B4A-11D0-8D11-00A0C91BC942}") = "window", "system\window\window.vcxproj", "{9E6B0376-9BC9-41B6-9870-5C3619ED1713}"
EndProject
Project("{8BC9CEB8-8B4A-11D0-8D11-00A0C91BC942}") = "synchronize", "system\synchronize\sync.vcxproj", "{C09C1A60-838A-4C33-9B83-41BF37CABBD1}"
EndProject
Project("{8BC9CEB8-8B4A-11D0-8D11-00A0C91BC942}") = "stack", "data-structure\stack\stack.vcxproj", "{C53E9EB5-5C21-4988-AEC6-568C3A42AE26}"
EndProject
Project("{8BC9CEB8-8B4A-11D0-8D11-00A0C91BC942}") = "a-star", "algorithm\a-star\a-star.vcxproj", "{BA1A03E3-D111-400D-A92D-6DB5676E44DE}"
EndProject
Project("{8BC9CEB8-8B4A-11D0-8D11-00A0C91BC942}") = "jump-point-search", "algorithm\jump-point-search\jump-point-search.vcxproj", "{4FE0314B-EE4A-46E7-86FB-7C613D53B0E8}"
EndProject
Project("{8BC9CEB8-8B4A-11D0-8D11-00A0C91BC942}") = "red-black-tree", "algorithm\red-black-tree\red-black-tree.vcxproj", "{D11C7C69-C778-49C0-8933-5426D6601200}"
EndProject
Project("{8BC9CEB8-8B4A-11D0-8D11-00A0C91BC942}") = "red-black-tree2", "algorithm\red-black-tree2\red-black-tree2.vcxproj", "{7FB82C3A-1AD1-4E06-AE65-6F1BEB21D4BB}"
EndProject
Project("{8BC9CEB8-8B4A-11D0-8D11-00A0C91BC942}") = "segment-tree", "data-structure\segment-tree\segment-tree.vcxproj", "{F8DE5FB2-8CCB-4F23-9B04-3183BF66BB84}"
EndProject
Project("{8BC9CEB8-8B4A-11D0-8D11-00A0C91BC942}") = "memory", "memory\memory.vcxproj", "{F826CDFB-9A05-43D0-8641-B5C153E7DD45}"
EndProject
Project("{8BC9CEB8-8B4A-11D0-8D11-00A0C91BC942}") = "time", "time\time.vcxproj", "{9C6B8997-3AC8-4B81-9F77-C01272B750EB}"
EndProject
Project("{8BC9CEB8-8B4A-11D0-8D11-00A0C91BC942}") = "aho-corasick", "algorithm\aho-corasick\aho-corasick.vcxproj", "{F0B9E1AB-0400-4694-A093-83B5671C4055}"
EndProject
Project("{8BC9CEB8-8B4A-11D0-8D11-00A0C91BC942}") = "process-thread", "system\process-thread\process-thread.vcxproj", "{EA3F548D-BC49-407E-BB50-D2240F3F4396}"
EndProject
Project("{8BC9CEB8-8B4A-11D0-8D11-00A0C91BC942}") = "input-output", "input-output\input-output.vcxproj", "{137DEED3-909C-4E59-B0DC-B730E1B1340E}"
EndProject
Project("{8BC9CEB8-8B4A-11D0-8D11-00A0C91BC942}") = "function", "function\function.vcxproj", "{E9620E4F-114C-4697-967B-2C706626D93B}"
EndProject
Project("{8BC9CEB8-8B4A-11D0-8D11-00A0C91BC942}") = "unorder-set", "data-structure\unorder-set\unorder-set.vcxproj", "{76A257F0-A437-4BE0-B148-E3D05127BB94}"
EndProject
Project("{8BC9CEB8-8B4A-11D0-8D11-00A0C91BC942}") = "unorder-map", "data-structure\unorder-map\unorder-map.vcxproj", "{E6543D21-A058-4C74-8023-36ECCBAF554D}"
EndProject
Project("{8BC9CEB8-8B4A-11D0-8D11-00A0C91BC942}") = "unique-pointer", "data-structure\unique-pointer\unique-pointer.vcxproj", "{2DDDC5E9-0618-47D5-98ED-868C65806F49}"
EndProject
Project("{8BC9CEB8-8B4A-11D0-8D11-00A0C91BC942}") = "circular-queue", "data-structure\circular-queue\circular-queue.vcxproj", "{58044572-02AC-494D-88BD-408FBD598141}"
EndProject
Project("{8BC9CEB8-8B4A-11D0-8D11-00A0C91BC942}") = "priority-queue", "data-structure\priority-queue\priority-queue.vcxproj", "{CB3D3EA5-CC66-42DB-82FB-42964B7042D4}"
EndProject
Project("{8BC9CEB8-8B4A-11D0-8D11-00A0C91BC942}") = "share-pointer", "data-structure\share-pointer\share-pointer.vcxproj", "{CEBC9244-074A-4488-BB77-1F3B30134E9C}"
EndProject
Project("{8BC9CEB8-8B4A-11D0-8D11-00A0C91BC942}") = "weak-pointer", "data-structure\weak-pointer\weak-pointer.vcxproj", "{A1D10E8D-1BB0-49B8-94F1-57B11E1427E4}"
EndProject
Project("{8BC9CEB8-8B4A-11D0-8D11-00A0C91BC942}") = "set", "data-structure\set\set.vcxproj", "{33ECF312-D5B4-4DFE-AF0D-76B4FD3D8F8A}"
EndProject
Project("{8BC9CEB8-8B4A-11D0-8D11-00A0C91BC942}") = "map", "data-structure\map\map.vcxproj", "{E61840F5-27B6-46C3-9753-A200D4B5862F}"
EndProject
Project("{8BC9CEB8-8B4A-11D0-8D11-00A0C91BC942}") = "select-sort", "algorithm\select-sort\select-sort.vcxproj", "{EE16DFF9-9EF3-4630-AF39-A1AC25114D48}"
EndProject
Project("{8BC9CEB8-8B4A-11D0-8D11-00A0C91BC942}") = "string", "data-structure\string\string.vcxproj", "{89FE3520-19EC-4EF9-9AC4-E7A3A907E3BF}"
EndProject
Project("{8BC9CEB8-8B4A-11D0-8D11-00A0C91BC942}") = "compress-pair", "data-structure\compress-pair\compress-pair.vcxproj", "{4BDCC4A9-088D-4D3E-8EE6-E50EE20E7D8C}"
EndProject
Project("{8BC9CEB8-8B4A-11D0-8D11-00A0C91BC942}") = "bubble-sort", "algorithm\bubble-sort\bubble-sort.vcxproj", "{D2A480FB-4D69-4306-8EE1-959C85EF87CC}"
EndProject
Project("{8BC9CEB8-8B4A-11D0-8D11-00A0C91BC942}") = "insert-sort", "algorithm\insert-sort\insert-sort.vcxproj", "{2E375098-2032-45EA-8C3C-F7FB51C5CAF6}"
EndProject
Project("{8BC9CEB8-8B4A-11D0-8D11-00A0C91BC942}") = "template", "template\template.vcxproj", "{BC1B213B-48C0-45ED-8E20-702EEAFF989A}"
EndProject
Project("{8BC9CEB8-8B4A-11D0-8D11-00A0C91BC942}") = "overlapped", "system\overlapped\overlapped.vcxproj", "{F86D5EB0-EF95-45DF-9447-34A047AA9051}"
EndProject
Project("{8BC9CEB8-8B4A-11D0-8D11-00A0C91BC942}") = "socket-address", "system\socket-address\socket-address.vcxproj", "{FBB5D986-F635-4979-9991-BC076AAC557F}"
EndProject
Project("{8BC9CEB8-8B4A-11D0-8D11-00A0C91BC942}") = "thread", "system\thread\thread.vcxproj", "{ADBC8B3A-4360-481D-B579-4E42B7504BF6}"
EndProject
Project("{8BC9CEB8-8B4A-11D0-8D11-00A0C91BC942}") = "serialize_view", "data-structure\serialize_view\serialize_view.vcxproj", "{7A374A9A-2802-4133-A132-2D3FA1682817}"
EndProject
Global
	GlobalSection(SolutionConfigurationPlatforms) = preSolution
		Debug|x64 = Debug|x64
		Debug|x86 = Debug|x86
		Release|x64 = Release|x64
		Release|x86 = Release|x86
	EndGlobalSection
	GlobalSection(ProjectConfigurationPlatforms) = postSolution
		{E69E1F88-ED9F-4D15-B9A4-B683E3EEC288}.Debug|x64.ActiveCfg = Debug|x64
		{E69E1F88-ED9F-4D15-B9A4-B683E3EEC288}.Debug|x64.Build.0 = Debug|x64
		{E69E1F88-ED9F-4D15-B9A4-B683E3EEC288}.Debug|x86.ActiveCfg = Debug|Win32
		{E69E1F88-ED9F-4D15-B9A4-B683E3EEC288}.Debug|x86.Build.0 = Debug|Win32
		{E69E1F88-ED9F-4D15-B9A4-B683E3EEC288}.Release|x64.ActiveCfg = Release|x64
		{E69E1F88-ED9F-4D15-B9A4-B683E3EEC288}.Release|x64.Build.0 = Release|x64
		{E69E1F88-ED9F-4D15-B9A4-B683E3EEC288}.Release|x86.ActiveCfg = Release|Win32
		{E69E1F88-ED9F-4D15-B9A4-B683E3EEC288}.Release|x86.Build.0 = Release|Win32
		{82B520E1-4783-4504-840A-3E5CD3B911A4}.Debug|x64.ActiveCfg = Debug|x64
		{82B520E1-4783-4504-840A-3E5CD3B911A4}.Debug|x64.Build.0 = Debug|x64
		{82B520E1-4783-4504-840A-3E5CD3B911A4}.Debug|x86.ActiveCfg = Debug|Win32
		{82B520E1-4783-4504-840A-3E5CD3B911A4}.Debug|x86.Build.0 = Debug|Win32
		{82B520E1-4783-4504-840A-3E5CD3B911A4}.Release|x64.ActiveCfg = Release|x64
		{82B520E1-4783-4504-840A-3E5CD3B911A4}.Release|x64.Build.0 = Release|x64
		{82B520E1-4783-4504-840A-3E5CD3B911A4}.Release|x86.ActiveCfg = Release|Win32
		{82B520E1-4783-4504-840A-3E5CD3B911A4}.Release|x86.Build.0 = Release|Win32
		{5EA025E7-317C-45E1-B762-AD1EFC95957F}.Debug|x64.ActiveCfg = Debug|x64
		{5EA025E7-317C-45E1-B762-AD1EFC95957F}.Debug|x64.Build.0 = Debug|x64
		{5EA025E7-317C-45E1-B762-AD1EFC95957F}.Debug|x86.ActiveCfg = Debug|Win32
		{5EA025E7-317C-45E1-B762-AD1EFC95957F}.Debug|x86.Build.0 = Debug|Win32
		{5EA025E7-317C-45E1-B762-AD1EFC95957F}.Release|x64.ActiveCfg = Release|x64
		{5EA025E7-317C-45E1-B762-AD1EFC95957F}.Release|x64.Build.0 = Release|x64
		{5EA025E7-317C-45E1-B762-AD1EFC95957F}.Release|x86.ActiveCfg = Release|Win32
		{5EA025E7-317C-45E1-B762-AD1EFC95957F}.Release|x86.Build.0 = Release|Win32
		{69815118-1F6D-491E-9C51-0793AF935EDE}.Debug|x64.ActiveCfg = Debug|x64
		{69815118-1F6D-491E-9C51-0793AF935EDE}.Debug|x64.Build.0 = Debug|x64
		{69815118-1F6D-491E-9C51-0793AF935EDE}.Debug|x86.ActiveCfg = Debug|Win32
		{69815118-1F6D-491E-9C51-0793AF935EDE}.Debug|x86.Build.0 = Debug|Win32
		{69815118-1F6D-491E-9C51-0793AF935EDE}.Release|x64.ActiveCfg = Release|x64
		{69815118-1F6D-491E-9C51-0793AF935EDE}.Release|x64.Build.0 = Release|x64
		{69815118-1F6D-491E-9C51-0793AF935EDE}.Release|x86.ActiveCfg = Release|Win32
		{69815118-1F6D-491E-9C51-0793AF935EDE}.Release|x86.Build.0 = Release|Win32
		{BFBF835E-F6F8-42B7-A9E2-FA5B3838A4E2}.Debug|x64.ActiveCfg = Debug|x64
		{BFBF835E-F6F8-42B7-A9E2-FA5B3838A4E2}.Debug|x64.Build.0 = Debug|x64
		{BFBF835E-F6F8-42B7-A9E2-FA5B3838A4E2}.Debug|x86.ActiveCfg = Debug|Win32
		{BFBF835E-F6F8-42B7-A9E2-FA5B3838A4E2}.Debug|x86.Build.0 = Debug|Win32
		{BFBF835E-F6F8-42B7-A9E2-FA5B3838A4E2}.Release|x64.ActiveCfg = Release|x64
		{BFBF835E-F6F8-42B7-A9E2-FA5B3838A4E2}.Release|x64.Build.0 = Release|x64
		{BFBF835E-F6F8-42B7-A9E2-FA5B3838A4E2}.Release|x86.ActiveCfg = Release|Win32
		{BFBF835E-F6F8-42B7-A9E2-FA5B3838A4E2}.Release|x86.Build.0 = Release|Win32
		{60C0452C-F42A-4FE7-B0C3-BABEAC58BD26}.Debug|x64.ActiveCfg = Debug|x64
		{60C0452C-F42A-4FE7-B0C3-BABEAC58BD26}.Debug|x64.Build.0 = Debug|x64
		{60C0452C-F42A-4FE7-B0C3-BABEAC58BD26}.Debug|x86.ActiveCfg = Debug|Win32
		{60C0452C-F42A-4FE7-B0C3-BABEAC58BD26}.Debug|x86.Build.0 = Debug|Win32
		{60C0452C-F42A-4FE7-B0C3-BABEAC58BD26}.Release|x64.ActiveCfg = Release|x64
		{60C0452C-F42A-4FE7-B0C3-BABEAC58BD26}.Release|x64.Build.0 = Release|x64
		{60C0452C-F42A-4FE7-B0C3-BABEAC58BD26}.Release|x86.ActiveCfg = Release|Win32
		{60C0452C-F42A-4FE7-B0C3-BABEAC58BD26}.Release|x86.Build.0 = Release|Win32
		{08545193-A844-45DA-95F0-0EBDAF30B741}.Debug|x64.ActiveCfg = Debug|x64
		{08545193-A844-45DA-95F0-0EBDAF30B741}.Debug|x64.Build.0 = Debug|x64
		{08545193-A844-45DA-95F0-0EBDAF30B741}.Debug|x86.ActiveCfg = Debug|Win32
		{08545193-A844-45DA-95F0-0EBDAF30B741}.Debug|x86.Build.0 = Debug|Win32
		{08545193-A844-45DA-95F0-0EBDAF30B741}.Release|x64.ActiveCfg = Release|x64
		{08545193-A844-45DA-95F0-0EBDAF30B741}.Release|x64.Build.0 = Release|x64
		{08545193-A844-45DA-95F0-0EBDAF30B741}.Release|x86.ActiveCfg = Release|Win32
		{08545193-A844-45DA-95F0-0EBDAF30B741}.Release|x86.Build.0 = Release|Win32
		{403012C0-AB41-4838-A0F0-0C085C602760}.Debug|x64.ActiveCfg = Debug|x64
		{403012C0-AB41-4838-A0F0-0C085C602760}.Debug|x64.Build.0 = Debug|x64
		{403012C0-AB41-4838-A0F0-0C085C602760}.Debug|x86.ActiveCfg = Debug|Win32
		{403012C0-AB41-4838-A0F0-0C085C602760}.Debug|x86.Build.0 = Debug|Win32
		{403012C0-AB41-4838-A0F0-0C085C602760}.Release|x64.ActiveCfg = Release|x64
		{403012C0-AB41-4838-A0F0-0C085C602760}.Release|x64.Build.0 = Release|x64
		{403012C0-AB41-4838-A0F0-0C085C602760}.Release|x86.ActiveCfg = Release|Win32
		{403012C0-AB41-4838-A0F0-0C085C602760}.Release|x86.Build.0 = Release|Win32
		{85AA971B-3B9F-4441-A958-69DCAC3FC08F}.Debug|x64.ActiveCfg = Debug|x64
		{85AA971B-3B9F-4441-A958-69DCAC3FC08F}.Debug|x64.Build.0 = Debug|x64
		{85AA971B-3B9F-4441-A958-69DCAC3FC08F}.Debug|x86.ActiveCfg = Debug|Win32
		{85AA971B-3B9F-4441-A958-69DCAC3FC08F}.Debug|x86.Build.0 = Debug|Win32
		{85AA971B-3B9F-4441-A958-69DCAC3FC08F}.Release|x64.ActiveCfg = Release|x64
		{85AA971B-3B9F-4441-A958-69DCAC3FC08F}.Release|x64.Build.0 = Release|x64
		{85AA971B-3B9F-4441-A958-69DCAC3FC08F}.Release|x86.ActiveCfg = Release|Win32
		{85AA971B-3B9F-4441-A958-69DCAC3FC08F}.Release|x86.Build.0 = Release|Win32
		{F1EA1A74-DD5B-4346-9B4E-C7B4702DA29B}.Debug|x64.ActiveCfg = Debug|x64
		{F1EA1A74-DD5B-4346-9B4E-C7B4702DA29B}.Debug|x64.Build.0 = Debug|x64
		{F1EA1A74-DD5B-4346-9B4E-C7B4702DA29B}.Debug|x86.ActiveCfg = Debug|Win32
		{F1EA1A74-DD5B-4346-9B4E-C7B4702DA29B}.Debug|x86.Build.0 = Debug|Win32
		{F1EA1A74-DD5B-4346-9B4E-C7B4702DA29B}.Release|x64.ActiveCfg = Release|x64
		{F1EA1A74-DD5B-4346-9B4E-C7B4702DA29B}.Release|x64.Build.0 = Release|x64
		{F1EA1A74-DD5B-4346-9B4E-C7B4702DA29B}.Release|x86.ActiveCfg = Release|Win32
		{F1EA1A74-DD5B-4346-9B4E-C7B4702DA29B}.Release|x86.Build.0 = Release|Win32
		{58115674-FA8D-48CD-B00D-25E8298469C6}.Debug|x64.ActiveCfg = Debug|x64
		{58115674-FA8D-48CD-B00D-25E8298469C6}.Debug|x64.Build.0 = Debug|x64
		{58115674-FA8D-48CD-B00D-25E8298469C6}.Debug|x86.ActiveCfg = Debug|Win32
		{58115674-FA8D-48CD-B00D-25E8298469C6}.Debug|x86.Build.0 = Debug|Win32
		{58115674-FA8D-48CD-B00D-25E8298469C6}.Release|x64.ActiveCfg = Release|x64
		{58115674-FA8D-48CD-B00D-25E8298469C6}.Release|x64.Build.0 = Release|x64
		{58115674-FA8D-48CD-B00D-25E8298469C6}.Release|x86.ActiveCfg = Release|Win32
		{58115674-FA8D-48CD-B00D-25E8298469C6}.Release|x86.Build.0 = Release|Win32
		{12FF0685-339D-4A07-BDE3-B1D6F4EDCB73}.Debug|x64.ActiveCfg = Debug|x64
		{12FF0685-339D-4A07-BDE3-B1D6F4EDCB73}.Debug|x64.Build.0 = Debug|x64
		{12FF0685-339D-4A07-BDE3-B1D6F4EDCB73}.Debug|x86.ActiveCfg = Debug|Win32
		{12FF0685-339D-4A07-BDE3-B1D6F4EDCB73}.Debug|x86.Build.0 = Debug|Win32
		{12FF0685-339D-4A07-BDE3-B1D6F4EDCB73}.Release|x64.ActiveCfg = Release|x64
		{12FF0685-339D-4A07-BDE3-B1D6F4EDCB73}.Release|x64.Build.0 = Release|x64
		{12FF0685-339D-4A07-BDE3-B1D6F4EDCB73}.Release|x86.ActiveCfg = Release|Win32
		{12FF0685-339D-4A07-BDE3-B1D6F4EDCB73}.Release|x86.Build.0 = Release|Win32
		{FC39D5CA-C8DE-45EC-B43E-08EDA8572D63}.Debug|x64.ActiveCfg = Debug|x64
		{FC39D5CA-C8DE-45EC-B43E-08EDA8572D63}.Debug|x64.Build.0 = Debug|x64
		{FC39D5CA-C8DE-45EC-B43E-08EDA8572D63}.Debug|x86.ActiveCfg = Debug|Win32
		{FC39D5CA-C8DE-45EC-B43E-08EDA8572D63}.Debug|x86.Build.0 = Debug|Win32
		{FC39D5CA-C8DE-45EC-B43E-08EDA8572D63}.Release|x64.ActiveCfg = Release|x64
		{FC39D5CA-C8DE-45EC-B43E-08EDA8572D63}.Release|x64.Build.0 = Release|x64
		{FC39D5CA-C8DE-45EC-B43E-08EDA8572D63}.Release|x86.ActiveCfg = Release|Win32
		{FC39D5CA-C8DE-45EC-B43E-08EDA8572D63}.Release|x86.Build.0 = Release|Win32
		{DF915CC9-C27A-4021-9102-F2C7A8182DDC}.Debug|x64.ActiveCfg = Debug|x64
		{DF915CC9-C27A-4021-9102-F2C7A8182DDC}.Debug|x64.Build.0 = Debug|x64
		{DF915CC9-C27A-4021-9102-F2C7A8182DDC}.Debug|x86.ActiveCfg = Debug|Win32
		{DF915CC9-C27A-4021-9102-F2C7A8182DDC}.Debug|x86.Build.0 = Debug|Win32
		{DF915CC9-C27A-4021-9102-F2C7A8182DDC}.Release|x64.ActiveCfg = Release|x64
		{DF915CC9-C27A-4021-9102-F2C7A8182DDC}.Release|x64.Build.0 = Release|x64
		{DF915CC9-C27A-4021-9102-F2C7A8182DDC}.Release|x86.ActiveCfg = Release|Win32
		{DF915CC9-C27A-4021-9102-F2C7A8182DDC}.Release|x86.Build.0 = Release|Win32
		{B87BF4FA-193C-4CCF-BBCC-5D561AEBEABA}.Debug|x64.ActiveCfg = Debug|x64
		{B87BF4FA-193C-4CCF-BBCC-5D561AEBEABA}.Debug|x64.Build.0 = Debug|x64
		{B87BF4FA-193C-4CCF-BBCC-5D561AEBEABA}.Debug|x86.ActiveCfg = Debug|Win32
		{B87BF4FA-193C-4CCF-BBCC-5D561AEBEABA}.Debug|x86.Build.0 = Debug|Win32
		{B87BF4FA-193C-4CCF-BBCC-5D561AEBEABA}.Release|x64.ActiveCfg = Release|x64
		{B87BF4FA-193C-4CCF-BBCC-5D561AEBEABA}.Release|x64.Build.0 = Release|x64
		{B87BF4FA-193C-4CCF-BBCC-5D561AEBEABA}.Release|x86.ActiveCfg = Release|Win32
		{B87BF4FA-193C-4CCF-BBCC-5D561AEBEABA}.Release|x86.Build.0 = Release|Win32
		{FDD49896-8CA4-4D61-9548-C5F1A60F94BD}.Debug|x64.ActiveCfg = Debug|x64
		{FDD49896-8CA4-4D61-9548-C5F1A60F94BD}.Debug|x64.Build.0 = Debug|x64
		{FDD49896-8CA4-4D61-9548-C5F1A60F94BD}.Debug|x86.ActiveCfg = Debug|Win32
		{FDD49896-8CA4-4D61-9548-C5F1A60F94BD}.Debug|x86.Build.0 = Debug|Win32
		{FDD49896-8CA4-4D61-9548-C5F1A60F94BD}.Release|x64.ActiveCfg = Release|x64
		{FDD49896-8CA4-4D61-9548-C5F1A60F94BD}.Release|x64.Build.0 = Release|x64
		{FDD49896-8CA4-4D61-9548-C5F1A60F94BD}.Release|x86.ActiveCfg = Release|Win32
		{FDD49896-8CA4-4D61-9548-C5F1A60F94BD}.Release|x86.Build.0 = Release|Win32
		{19A719E7-5030-43D7-9F67-5EA04874846B}.Debug|x64.ActiveCfg = Debug|x64
		{19A719E7-5030-43D7-9F67-5EA04874846B}.Debug|x64.Build.0 = Debug|x64
		{19A719E7-5030-43D7-9F67-5EA04874846B}.Debug|x86.ActiveCfg = Debug|Win32
		{19A719E7-5030-43D7-9F67-5EA04874846B}.Debug|x86.Build.0 = Debug|Win32
		{19A719E7-5030-43D7-9F67-5EA04874846B}.Release|x64.ActiveCfg = Release|x64
		{19A719E7-5030-43D7-9F67-5EA04874846B}.Release|x64.Build.0 = Release|x64
		{19A719E7-5030-43D7-9F67-5EA04874846B}.Release|x86.ActiveCfg = Release|Win32
		{19A719E7-5030-43D7-9F67-5EA04874846B}.Release|x86.Build.0 = Release|Win32
		{9C48C1BD-27AC-4697-B96B-4EBCB437259A}.Debug|x64.ActiveCfg = Debug|x64
		{9C48C1BD-27AC-4697-B96B-4EBCB437259A}.Debug|x64.Build.0 = Debug|x64
		{9C48C1BD-27AC-4697-B96B-4EBCB437259A}.Debug|x86.ActiveCfg = Debug|Win32
		{9C48C1BD-27AC-4697-B96B-4EBCB437259A}.Debug|x86.Build.0 = Debug|Win32
		{9C48C1BD-27AC-4697-B96B-4EBCB437259A}.Release|x64.ActiveCfg = Release|x64
		{9C48C1BD-27AC-4697-B96B-4EBCB437259A}.Release|x64.Build.0 = Release|x64
		{9C48C1BD-27AC-4697-B96B-4EBCB437259A}.Release|x86.ActiveCfg = Release|Win32
		{9C48C1BD-27AC-4697-B96B-4EBCB437259A}.Release|x86.Build.0 = Release|Win32
		{596AB83F-D3C5-4484-AEE5-0DEF6E8ADBE9}.Debug|x64.ActiveCfg = Debug|x64
		{596AB83F-D3C5-4484-AEE5-0DEF6E8ADBE9}.Debug|x64.Build.0 = Debug|x64
		{596AB83F-D3C5-4484-AEE5-0DEF6E8ADBE9}.Debug|x86.ActiveCfg = Debug|Win32
		{596AB83F-D3C5-4484-AEE5-0DEF6E8ADBE9}.Debug|x86.Build.0 = Debug|Win32
		{596AB83F-D3C5-4484-AEE5-0DEF6E8ADBE9}.Release|x64.ActiveCfg = Release|x64
		{596AB83F-D3C5-4484-AEE5-0DEF6E8ADBE9}.Release|x64.Build.0 = Release|x64
		{596AB83F-D3C5-4484-AEE5-0DEF6E8ADBE9}.Release|x86.ActiveCfg = Release|Win32
		{596AB83F-D3C5-4484-AEE5-0DEF6E8ADBE9}.Release|x86.Build.0 = Release|Win32
		{D0841A3F-8EDC-418F-AFCF-60DB176EC104}.Debug|x64.ActiveCfg = Debug|x64
		{D0841A3F-8EDC-418F-AFCF-60DB176EC104}.Debug|x64.Build.0 = Debug|x64
		{D0841A3F-8EDC-418F-AFCF-60DB176EC104}.Debug|x86.ActiveCfg = Debug|Win32
		{D0841A3F-8EDC-418F-AFCF-60DB176EC104}.Debug|x86.Build.0 = Debug|Win32
		{D0841A3F-8EDC-418F-AFCF-60DB176EC104}.Release|x64.ActiveCfg = Release|x64
		{D0841A3F-8EDC-418F-AFCF-60DB176EC104}.Release|x64.Build.0 = Release|x64
		{D0841A3F-8EDC-418F-AFCF-60DB176EC104}.Release|x86.ActiveCfg = Release|Win32
		{D0841A3F-8EDC-418F-AFCF-60DB176EC104}.Release|x86.Build.0 = Release|Win32
		{FE7BE6E5-72D7-4EA3-A6FC-11693B25C40E}.Debug|x64.ActiveCfg = Debug|x64
		{FE7BE6E5-72D7-4EA3-A6FC-11693B25C40E}.Debug|x64.Build.0 = Debug|x64
		{FE7BE6E5-72D7-4EA3-A6FC-11693B25C40E}.Debug|x86.ActiveCfg = Debug|Win32
		{FE7BE6E5-72D7-4EA3-A6FC-11693B25C40E}.Debug|x86.Build.0 = Debug|Win32
		{FE7BE6E5-72D7-4EA3-A6FC-11693B25C40E}.Release|x64.ActiveCfg = Release|x64
		{FE7BE6E5-72D7-4EA3-A6FC-11693B25C40E}.Release|x64.Build.0 = Release|x64
		{FE7BE6E5-72D7-4EA3-A6FC-11693B25C40E}.Release|x86.ActiveCfg = Release|Win32
		{FE7BE6E5-72D7-4EA3-A6FC-11693B25C40E}.Release|x86.Build.0 = Release|Win32
		{E9E84740-9346-4875-A92D-40BE85B65596}.Debug|x64.ActiveCfg = Debug|x64
		{E9E84740-9346-4875-A92D-40BE85B65596}.Debug|x64.Build.0 = Debug|x64
		{E9E84740-9346-4875-A92D-40BE85B65596}.Debug|x86.ActiveCfg = Debug|Win32
		{E9E84740-9346-4875-A92D-40BE85B65596}.Debug|x86.Build.0 = Debug|Win32
		{E9E84740-9346-4875-A92D-40BE85B65596}.Release|x64.ActiveCfg = Release|x64
		{E9E84740-9346-4875-A92D-40BE85B65596}.Release|x64.Build.0 = Release|x64
		{E9E84740-9346-4875-A92D-40BE85B65596}.Release|x86.ActiveCfg = Release|Win32
		{E9E84740-9346-4875-A92D-40BE85B65596}.Release|x86.Build.0 = Release|Win32
		{1133CAA1-1840-4BC3-8CD0-7ED97FF18ABC}.Debug|x64.ActiveCfg = Debug|x64
		{1133CAA1-1840-4BC3-8CD0-7ED97FF18ABC}.Debug|x64.Build.0 = Debug|x64
		{1133CAA1-1840-4BC3-8CD0-7ED97FF18ABC}.Debug|x86.ActiveCfg = Debug|Win32
		{1133CAA1-1840-4BC3-8CD0-7ED97FF18ABC}.Debug|x86.Build.0 = Debug|Win32
		{1133CAA1-1840-4BC3-8CD0-7ED97FF18ABC}.Release|x64.ActiveCfg = Release|x64
		{1133CAA1-1840-4BC3-8CD0-7ED97FF18ABC}.Release|x64.Build.0 = Release|x64
		{1133CAA1-1840-4BC3-8CD0-7ED97FF18ABC}.Release|x86.ActiveCfg = Release|Win32
		{1133CAA1-1840-4BC3-8CD0-7ED97FF18ABC}.Release|x86.Build.0 = Release|Win32
		{FB127A63-6F88-420D-A72A-CA61E63409B1}.Debug|x64.ActiveCfg = Debug|x64
		{FB127A63-6F88-420D-A72A-CA61E63409B1}.Debug|x64.Build.0 = Debug|x64
		{FB127A63-6F88-420D-A72A-CA61E63409B1}.Debug|x86.ActiveCfg = Debug|Win32
		{FB127A63-6F88-420D-A72A-CA61E63409B1}.Debug|x86.Build.0 = Debug|Win32
		{FB127A63-6F88-420D-A72A-CA61E63409B1}.Release|x64.ActiveCfg = Release|x64
		{FB127A63-6F88-420D-A72A-CA61E63409B1}.Release|x64.Build.0 = Release|x64
		{FB127A63-6F88-420D-A72A-CA61E63409B1}.Release|x86.ActiveCfg = Release|Win32
		{FB127A63-6F88-420D-A72A-CA61E63409B1}.Release|x86.Build.0 = Release|Win32
		{8AC5CBF9-9D50-42C7-8CCF-DE19BA1FA27D}.Debug|x64.ActiveCfg = Debug|x64
		{8AC5CBF9-9D50-42C7-8CCF-DE19BA1FA27D}.Debug|x64.Build.0 = Debug|x64
		{8AC5CBF9-9D50-42C7-8CCF-DE19BA1FA27D}.Debug|x86.ActiveCfg = Debug|Win32
		{8AC5CBF9-9D50-42C7-8CCF-DE19BA1FA27D}.Debug|x86.Build.0 = Debug|Win32
		{8AC5CBF9-9D50-42C7-8CCF-DE19BA1FA27D}.Release|x64.ActiveCfg = Release|x64
		{8AC5CBF9-9D50-42C7-8CCF-DE19BA1FA27D}.Release|x64.Build.0 = Release|x64
		{8AC5CBF9-9D50-42C7-8CCF-DE19BA1FA27D}.Release|x86.ActiveCfg = Release|Win32
		{8AC5CBF9-9D50-42C7-8CCF-DE19BA1FA27D}.Release|x86.Build.0 = Release|Win32
		{1E8EED34-0B14-4673-8549-E6486550F088}.Debug|x64.ActiveCfg = Debug|x64
		{1E8EED34-0B14-4673-8549-E6486550F088}.Debug|x64.Build.0 = Debug|x64
		{1E8EED34-0B14-4673-8549-E6486550F088}.Debug|x86.ActiveCfg = Debug|Win32
		{1E8EED34-0B14-4673-8549-E6486550F088}.Debug|x86.Build.0 = Debug|Win32
		{1E8EED34-0B14-4673-8549-E6486550F088}.Release|x64.ActiveCfg = Release|x64
		{1E8EED34-0B14-4673-8549-E6486550F088}.Release|x64.Build.0 = Release|x64
		{1E8EED34-0B14-4673-8549-E6486550F088}.Release|x86.ActiveCfg = Release|Win32
		{1E8EED34-0B14-4673-8549-E6486550F088}.Release|x86.Build.0 = Release|Win32
		{B1810833-73C7-4CA4-AF4B-AFF097390F1A}.Debug|x64.ActiveCfg = Debug|x64
		{B1810833-73C7-4CA4-AF4B-AFF097390F1A}.Debug|x64.Build.0 = Debug|x64
		{B1810833-73C7-4CA4-AF4B-AFF097390F1A}.Debug|x86.ActiveCfg = Debug|Win32
		{B1810833-73C7-4CA4-AF4B-AFF097390F1A}.Debug|x86.Build.0 = Debug|Win32
		{B1810833-73C7-4CA4-AF4B-AFF097390F1A}.Release|x64.ActiveCfg = Release|x64
		{B1810833-73C7-4CA4-AF4B-AFF097390F1A}.Release|x64.Build.0 = Release|x64
		{B1810833-73C7-4CA4-AF4B-AFF097390F1A}.Release|x86.ActiveCfg = Release|Win32
		{B1810833-73C7-4CA4-AF4B-AFF097390F1A}.Release|x86.Build.0 = Release|Win32
		{0F739725-F22B-4E8D-BEC8-FE12A801EAD0}.Debug|x64.ActiveCfg = Debug|x64
		{0F739725-F22B-4E8D-BEC8-FE12A801EAD0}.Debug|x64.Build.0 = Debug|x64
		{0F739725-F22B-4E8D-BEC8-FE12A801EAD0}.Debug|x86.ActiveCfg = Debug|Win32
		{0F739725-F22B-4E8D-BEC8-FE12A801EAD0}.Debug|x86.Build.0 = Debug|Win32
		{0F739725-F22B-4E8D-BEC8-FE12A801EAD0}.Release|x64.ActiveCfg = Release|x64
		{0F739725-F22B-4E8D-BEC8-FE12A801EAD0}.Release|x64.Build.0 = Release|x64
		{0F739725-F22B-4E8D-BEC8-FE12A801EAD0}.Release|x86.ActiveCfg = Release|Win32
		{0F739725-F22B-4E8D-BEC8-FE12A801EAD0}.Release|x86.Build.0 = Release|Win32
		{55BD7FD7-5D94-4D30-AE3D-B9A5A3EA346C}.Debug|x64.ActiveCfg = Debug|x64
		{55BD7FD7-5D94-4D30-AE3D-B9A5A3EA346C}.Debug|x64.Build.0 = Debug|x64
		{55BD7FD7-5D94-4D30-AE3D-B9A5A3EA346C}.Debug|x86.ActiveCfg = Debug|Win32
		{55BD7FD7-5D94-4D30-AE3D-B9A5A3EA346C}.Debug|x86.Build.0 = Debug|Win32
		{55BD7FD7-5D94-4D30-AE3D-B9A5A3EA346C}.Release|x64.ActiveCfg = Release|x64
		{55BD7FD7-5D94-4D30-AE3D-B9A5A3EA346C}.Release|x64.Build.0 = Release|x64
		{55BD7FD7-5D94-4D30-AE3D-B9A5A3EA346C}.Release|x86.ActiveCfg = Release|Win32
		{55BD7FD7-5D94-4D30-AE3D-B9A5A3EA346C}.Release|x86.Build.0 = Release|Win32
		{0A10A3C7-9704-4ADA-B10B-6B2D4CF84521}.Debug|x64.ActiveCfg = Debug|x64
		{0A10A3C7-9704-4ADA-B10B-6B2D4CF84521}.Debug|x64.Build.0 = Debug|x64
		{0A10A3C7-9704-4ADA-B10B-6B2D4CF84521}.Debug|x86.ActiveCfg = Debug|Win32
		{0A10A3C7-9704-4ADA-B10B-6B2D4CF84521}.Debug|x86.Build.0 = Debug|Win32
		{0A10A3C7-9704-4ADA-B10B-6B2D4CF84521}.Release|x64.ActiveCfg = Release|x64
		{0A10A3C7-9704-4ADA-B10B-6B2D4CF84521}.Release|x64.Build.0 = Release|x64
		{0A10A3C7-9704-4ADA-B10B-6B2D4CF84521}.Release|x86.ActiveCfg = Release|Win32
		{0A10A3C7-9704-4ADA-B10B-6B2D4CF84521}.Release|x86.Build.0 = Release|Win32
		{A1A8E236-81B9-4BD8-9041-0A855F7E515D}.Debug|x64.ActiveCfg = Debug|x64
		{A1A8E236-81B9-4BD8-9041-0A855F7E515D}.Debug|x64.Build.0 = Debug|x64
		{A1A8E236-81B9-4BD8-9041-0A855F7E515D}.Debug|x86.ActiveCfg = Debug|Win32
		{A1A8E236-81B9-4BD8-9041-0A855F7E515D}.Debug|x86.Build.0 = Debug|Win32
		{A1A8E236-81B9-4BD8-9041-0A855F7E515D}.Release|x64.ActiveCfg = Release|x64
		{A1A8E236-81B9-4BD8-9041-0A855F7E515D}.Release|x64.Build.0 = Release|x64
		{A1A8E236-81B9-4BD8-9041-0A855F7E515D}.Release|x86.ActiveCfg = Release|Win32
		{A1A8E236-81B9-4BD8-9041-0A855F7E515D}.Release|x86.Build.0 = Release|Win32
		{CC7F5DA5-5C2B-4B7E-A44F-FA2863AD7471}.Debug|x64.ActiveCfg = Debug|x64
		{CC7F5DA5-5C2B-4B7E-A44F-FA2863AD7471}.Debug|x64.Build.0 = Debug|x64
		{CC7F5DA5-5C2B-4B7E-A44F-FA2863AD7471}.Debug|x86.ActiveCfg = Debug|Win32
		{CC7F5DA5-5C2B-4B7E-A44F-FA2863AD7471}.Debug|x86.Build.0 = Debug|Win32
		{CC7F5DA5-5C2B-4B7E-A44F-FA2863AD7471}.Release|x64.ActiveCfg = Release|x64
		{CC7F5DA5-5C2B-4B7E-A44F-FA2863AD7471}.Release|x64.Build.0 = Release|x64
		{CC7F5DA5-5C2B-4B7E-A44F-FA2863AD7471}.Release|x86.ActiveCfg = Release|Win32
		{CC7F5DA5-5C2B-4B7E-A44F-FA2863AD7471}.Release|x86.Build.0 = Release|Win32
		{6B63E413-6981-4F5D-9A04-D588BCC5212E}.Debug|x64.ActiveCfg = Debug|x64
		{6B63E413-6981-4F5D-9A04-D588BCC5212E}.Debug|x64.Build.0 = Debug|x64
		{6B63E413-6981-4F5D-9A04-D588BCC5212E}.Debug|x86.ActiveCfg = Debug|Win32
		{6B63E413-6981-4F5D-9A04-D588BCC5212E}.Debug|x86.Build.0 = Debug|Win32
		{6B63E413-6981-4F5D-9A04-D588BCC5212E}.Release|x64.ActiveCfg = Release|x64
		{6B63E413-6981-4F5D-9A04-D588BCC5212E}.Release|x64.Build.0 = Release|x64
		{6B63E413-6981-4F5D-9A04-D588BCC5212E}.Release|x86.ActiveCfg = Release|Win32
		{6B63E413-6981-4F5D-9A04-D588BCC5212E}.Release|x86.Build.0 = Release|Win32
		{8A759BD1-1910-4825-96C7-0C5C0ED8C5B0}.Debug|x64.ActiveCfg = Debug|x64
		{8A759BD1-1910-4825-96C7-0C5C0ED8C5B0}.Debug|x64.Build.0 = Debug|x64
		{8A759BD1-1910-4825-96C7-0C5C0ED8C5B0}.Debug|x86.ActiveCfg = Debug|Win32
		{8A759BD1-1910-4825-96C7-0C5C0ED8C5B0}.Debug|x86.Build.0 = Debug|Win32
		{8A759BD1-1910-4825-96C7-0C5C0ED8C5B0}.Release|x64.ActiveCfg = Release|x64
		{8A759BD1-1910-4825-96C7-0C5C0ED8C5B0}.Release|x64.Build.0 = Release|x64
		{8A759BD1-1910-4825-96C7-0C5C0ED8C5B0}.Release|x86.ActiveCfg = Release|Win32
		{8A759BD1-1910-4825-96C7-0C5C0ED8C5B0}.Release|x86.Build.0 = Release|Win32
		{0CE5BC67-57DD-40DF-A415-D94A2C63BF4A}.Debug|x64.ActiveCfg = Debug|x64
		{0CE5BC67-57DD-40DF-A415-D94A2C63BF4A}.Debug|x64.Build.0 = Debug|x64
		{0CE5BC67-57DD-40DF-A415-D94A2C63BF4A}.Debug|x86.ActiveCfg = Debug|Win32
		{0CE5BC67-57DD-40DF-A415-D94A2C63BF4A}.Debug|x86.Build.0 = Debug|Win32
		{0CE5BC67-57DD-40DF-A415-D94A2C63BF4A}.Release|x64.ActiveCfg = Release|x64
		{0CE5BC67-57DD-40DF-A415-D94A2C63BF4A}.Release|x64.Build.0 = Release|x64
		{0CE5BC67-57DD-40DF-A415-D94A2C63BF4A}.Release|x86.ActiveCfg = Release|Win32
		{0CE5BC67-57DD-40DF-A415-D94A2C63BF4A}.Release|x86.Build.0 = Release|Win32
		{2F13CEB2-C11A-47CF-A012-B1FA14ABFBE0}.Debug|x64.ActiveCfg = Debug|x64
		{2F13CEB2-C11A-47CF-A012-B1FA14ABFBE0}.Debug|x64.Build.0 = Debug|x64
		{2F13CEB2-C11A-47CF-A012-B1FA14ABFBE0}.Debug|x86.ActiveCfg = Debug|Win32
		{2F13CEB2-C11A-47CF-A012-B1FA14ABFBE0}.Debug|x86.Build.0 = Debug|Win32
		{2F13CEB2-C11A-47CF-A012-B1FA14ABFBE0}.Release|x64.ActiveCfg = Release|x64
		{2F13CEB2-C11A-47CF-A012-B1FA14ABFBE0}.Release|x64.Build.0 = Release|x64
		{2F13CEB2-C11A-47CF-A012-B1FA14ABFBE0}.Release|x86.ActiveCfg = Release|Win32
		{2F13CEB2-C11A-47CF-A012-B1FA14ABFBE0}.Release|x86.Build.0 = Release|Win32
		{9E6B0376-9BC9-41B6-9870-5C3619ED1713}.Debug|x64.ActiveCfg = Debug|x64
		{9E6B0376-9BC9-41B6-9870-5C3619ED1713}.Debug|x64.Build.0 = Debug|x64
		{9E6B0376-9BC9-41B6-9870-5C3619ED1713}.Debug|x86.ActiveCfg = Debug|Win32
		{9E6B0376-9BC9-41B6-9870-5C3619ED1713}.Debug|x86.Build.0 = Debug|Win32
		{9E6B0376-9BC9-41B6-9870-5C3619ED1713}.Release|x64.ActiveCfg = Release|x64
		{9E6B0376-9BC9-41B6-9870-5C3619ED1713}.Release|x64.Build.0 = Release|x64
		{9E6B0376-9BC9-41B6-9870-5C3619ED1713}.Release|x86.ActiveCfg = Release|Win32
		{9E6B0376-9BC9-41B6-9870-5C3619ED1713}.Release|x86.Build.0 = Release|Win32
		{C09C1A60-838A-4C33-9B83-41BF37CABBD1}.Debug|x64.ActiveCfg = Debug|x64
		{C09C1A60-838A-4C33-9B83-41BF37CABBD1}.Debug|x64.Build.0 = Debug|x64
		{C09C1A60-838A-4C33-9B83-41BF37CABBD1}.Debug|x86.ActiveCfg = Debug|Win32
		{C09C1A60-838A-4C33-9B83-41BF37CABBD1}.Debug|x86.Build.0 = Debug|Win32
		{C09C1A60-838A-4C33-9B83-41BF37CABBD1}.Release|x64.ActiveCfg = Release|x64
		{C09C1A60-838A-4C33-9B83-41BF37CABBD1}.Release|x64.Build.0 = Release|x64
		{C09C1A60-838A-4C33-9B83-41BF37CABBD1}.Release|x86.ActiveCfg = Release|Win32
		{C09C1A60-838A-4C33-9B83-41BF37CABBD1}.Release|x86.Build.0 = Release|Win32
		{C53E9EB5-5C21-4988-AEC6-568C3A42AE26}.Debug|x64.ActiveCfg = Debug|x64
		{C53E9EB5-5C21-4988-AEC6-568C3A42AE26}.Debug|x64.Build.0 = Debug|x64
		{C53E9EB5-5C21-4988-AEC6-568C3A42AE26}.Debug|x86.ActiveCfg = Debug|Win32
		{C53E9EB5-5C21-4988-AEC6-568C3A42AE26}.Debug|x86.Build.0 = Debug|Win32
		{C53E9EB5-5C21-4988-AEC6-568C3A42AE26}.Release|x64.ActiveCfg = Release|x64
		{C53E9EB5-5C21-4988-AEC6-568C3A42AE26}.Release|x64.Build.0 = Release|x64
		{C53E9EB5-5C21-4988-AEC6-568C3A42AE26}.Release|x86.ActiveCfg = Release|Win32
		{C53E9EB5-5C21-4988-AEC6-568C3A42AE26}.Release|x86.Build.0 = Release|Win32
		{BA1A03E3-D111-400D-A92D-6DB5676E44DE}.Debug|x64.ActiveCfg = Debug|x64
		{BA1A03E3-D111-400D-A92D-6DB5676E44DE}.Debug|x64.Build.0 = Debug|x64
		{BA1A03E3-D111-400D-A92D-6DB5676E44DE}.Debug|x86.ActiveCfg = Debug|Win32
		{BA1A03E3-D111-400D-A92D-6DB5676E44DE}.Debug|x86.Build.0 = Debug|Win32
		{BA1A03E3-D111-400D-A92D-6DB5676E44DE}.Release|x64.ActiveCfg = Release|x64
		{BA1A03E3-D111-400D-A92D-6DB5676E44DE}.Release|x64.Build.0 = Release|x64
		{BA1A03E3-D111-400D-A92D-6DB5676E44DE}.Release|x86.ActiveCfg = Release|Win32
		{BA1A03E3-D111-400D-A92D-6DB5676E44DE}.Release|x86.Build.0 = Release|Win32
		{4FE0314B-EE4A-46E7-86FB-7C613D53B0E8}.Debug|x64.ActiveCfg = Debug|x64
		{4FE0314B-EE4A-46E7-86FB-7C613D53B0E8}.Debug|x64.Build.0 = Debug|x64
		{4FE0314B-EE4A-46E7-86FB-7C613D53B0E8}.Debug|x86.ActiveCfg = Debug|Win32
		{4FE0314B-EE4A-46E7-86FB-7C613D53B0E8}.Debug|x86.Build.0 = Debug|Win32
		{4FE0314B-EE4A-46E7-86FB-7C613D53B0E8}.Release|x64.ActiveCfg = Release|x64
		{4FE0314B-EE4A-46E7-86FB-7C613D53B0E8}.Release|x64.Build.0 = Release|x64
		{4FE0314B-EE4A-46E7-86FB-7C613D53B0E8}.Release|x86.ActiveCfg = Release|Win32
		{4FE0314B-EE4A-46E7-86FB-7C613D53B0E8}.Release|x86.Build.0 = Release|Win32
		{D11C7C69-C778-49C0-8933-5426D6601200}.Debug|x64.ActiveCfg = Debug|x64
		{D11C7C69-C778-49C0-8933-5426D6601200}.Debug|x64.Build.0 = Debug|x64
		{D11C7C69-C778-49C0-8933-5426D6601200}.Debug|x86.ActiveCfg = Debug|Win32
		{D11C7C69-C778-49C0-8933-5426D6601200}.Debug|x86.Build.0 = Debug|Win32
		{D11C7C69-C778-49C0-8933-5426D6601200}.Release|x64.ActiveCfg = Release|x64
		{D11C7C69-C778-49C0-8933-5426D6601200}.Release|x64.Build.0 = Release|x64
		{D11C7C69-C778-49C0-8933-5426D6601200}.Release|x86.ActiveCfg = Release|Win32
		{D11C7C69-C778-49C0-8933-5426D6601200}.Release|x86.Build.0 = Release|Win32
		{7FB82C3A-1AD1-4E06-AE65-6F1BEB21D4BB}.Debug|x64.ActiveCfg = Debug|x64
		{7FB82C3A-1AD1-4E06-AE65-6F1BEB21D4BB}.Debug|x64.Build.0 = Debug|x64
		{7FB82C3A-1AD1-4E06-AE65-6F1BEB21D4BB}.Debug|x86.ActiveCfg = Debug|Win32
		{7FB82C3A-1AD1-4E06-AE65-6F1BEB21D4BB}.Debug|x86.Build.0 = Debug|Win32
		{7FB82C3A-1AD1-4E06-AE65-6F1BEB21D4BB}.Release|x64.ActiveCfg = Release|x64
		{7FB82C3A-1AD1-4E06-AE65-6F1BEB21D4BB}.Release|x64.Build.0 = Release|x64
		{7FB82C3A-1AD1-4E06-AE65-6F1BEB21D4BB}.Release|x86.ActiveCfg = Release|Win32
		{7FB82C3A-1AD1-4E06-AE65-6F1BEB21D4BB}.Release|x86.Build.0 = Release|Win32
		{F8DE5FB2-8CCB-4F23-9B04-3183BF66BB84}.Debug|x64.ActiveCfg = Debug|x64
		{F8DE5FB2-8CCB-4F23-9B04-3183BF66BB84}.Debug|x64.Build.0 = Debug|x64
		{F8DE5FB2-8CCB-4F23-9B04-3183BF66BB84}.Debug|x86.ActiveCfg = Debug|Win32
		{F8DE5FB2-8CCB-4F23-9B04-3183BF66BB84}.Debug|x86.Build.0 = Debug|Win32
		{F8DE5FB2-8CCB-4F23-9B04-3183BF66BB84}.Release|x64.ActiveCfg = Release|x64
		{F8DE5FB2-8CCB-4F23-9B04-3183BF66BB84}.Release|x64.Build.0 = Release|x64
		{F8DE5FB2-8CCB-4F23-9B04-3183BF66BB84}.Release|x86.ActiveCfg = Release|Win32
		{F8DE5FB2-8CCB-4F23-9B04-3183BF66BB84}.Release|x86.Build.0 = Release|Win32
		{F826CDFB-9A05-43D0-8641-B5C153E7DD45}.Debug|x64.ActiveCfg = Debug|x64
		{F826CDFB-9A05-43D0-8641-B5C153E7DD45}.Debug|x64.Build.0 = Debug|x64
		{F826CDFB-9A05-43D0-8641-B5C153E7DD45}.Debug|x86.ActiveCfg = Debug|Win32
		{F826CDFB-9A05-43D0-8641-B5C153E7DD45}.Debug|x86.Build.0 = Debug|Win32
		{F826CDFB-9A05-43D0-8641-B5C153E7DD45}.Release|x64.ActiveCfg = Release|x64
		{F826CDFB-9A05-43D0-8641-B5C153E7DD45}.Release|x64.Build.0 = Release|x64
		{F826CDFB-9A05-43D0-8641-B5C153E7DD45}.Release|x86.ActiveCfg = Release|Win32
		{F826CDFB-9A05-43D0-8641-B5C153E7DD45}.Release|x86.Build.0 = Release|Win32
		{9C6B8997-3AC8-4B81-9F77-C01272B750EB}.Debug|x64.ActiveCfg = Debug|x64
		{9C6B8997-3AC8-4B81-9F77-C01272B750EB}.Debug|x64.Build.0 = Debug|x64
		{9C6B8997-3AC8-4B81-9F77-C01272B750EB}.Debug|x86.ActiveCfg = Debug|Win32
		{9C6B8997-3AC8-4B81-9F77-C01272B750EB}.Debug|x86.Build.0 = Debug|Win32
		{9C6B8997-3AC8-4B81-9F77-C01272B750EB}.Release|x64.ActiveCfg = Release|x64
		{9C6B8997-3AC8-4B81-9F77-C01272B750EB}.Release|x64.Build.0 = Release|x64
		{9C6B8997-3AC8-4B81-9F77-C01272B750EB}.Release|x86.ActiveCfg = Release|Win32
		{9C6B8997-3AC8-4B81-9F77-C01272B750EB}.Release|x86.Build.0 = Release|Win32
		{F0B9E1AB-0400-4694-A093-83B5671C4055}.Debug|x64.ActiveCfg = Debug|x64
		{F0B9E1AB-0400-4694-A093-83B5671C4055}.Debug|x64.Build.0 = Debug|x64
		{F0B9E1AB-0400-4694-A093-83B5671C4055}.Debug|x86.ActiveCfg = Debug|Win32
		{F0B9E1AB-0400-4694-A093-83B5671C4055}.Debug|x86.Build.0 = Debug|Win32
		{F0B9E1AB-0400-4694-A093-83B5671C4055}.Release|x64.ActiveCfg = Release|x64
		{F0B9E1AB-0400-4694-A093-83B5671C4055}.Release|x64.Build.0 = Release|x64
		{F0B9E1AB-0400-4694-A093-83B5671C4055}.Release|x86.ActiveCfg = Release|Win32
		{F0B9E1AB-0400-4694-A093-83B5671C4055}.Release|x86.Build.0 = Release|Win32
		{EA3F548D-BC49-407E-BB50-D2240F3F4396}.Debug|x64.ActiveCfg = Debug|x64
		{EA3F548D-BC49-407E-BB50-D2240F3F4396}.Debug|x64.Build.0 = Debug|x64
		{EA3F548D-BC49-407E-BB50-D2240F3F4396}.Debug|x86.ActiveCfg = Debug|Win32
		{EA3F548D-BC49-407E-BB50-D2240F3F4396}.Debug|x86.Build.0 = Debug|Win32
		{EA3F548D-BC49-407E-BB50-D2240F3F4396}.Release|x64.ActiveCfg = Release|x64
		{EA3F548D-BC49-407E-BB50-D2240F3F4396}.Release|x64.Build.0 = Release|x64
		{EA3F548D-BC49-407E-BB50-D2240F3F4396}.Release|x86.ActiveCfg = Release|Win32
		{EA3F548D-BC49-407E-BB50-D2240F3F4396}.Release|x86.Build.0 = Release|Win32
		{137DEED3-909C-4E59-B0DC-B730E1B1340E}.Debug|x64.ActiveCfg = Debug|x64
		{137DEED3-909C-4E59-B0DC-B730E1B1340E}.Debug|x64.Build.0 = Debug|x64
		{137DEED3-909C-4E59-B0DC-B730E1B1340E}.Debug|x86.ActiveCfg = Debug|Win32
		{137DEED3-909C-4E59-B0DC-B730E1B1340E}.Debug|x86.Build.0 = Debug|Win32
		{137DEED3-909C-4E59-B0DC-B730E1B1340E}.Release|x64.ActiveCfg = Release|x64
		{137DEED3-909C-4E59-B0DC-B730E1B1340E}.Release|x64.Build.0 = Release|x64
		{137DEED3-909C-4E59-B0DC-B730E1B1340E}.Release|x86.ActiveCfg = Release|Win32
		{137DEED3-909C-4E59-B0DC-B730E1B1340E}.Release|x86.Build.0 = Release|Win32
		{E9620E4F-114C-4697-967B-2C706626D93B}.Debug|x64.ActiveCfg = Debug|x64
		{E9620E4F-114C-4697-967B-2C706626D93B}.Debug|x64.Build.0 = Debug|x64
		{E9620E4F-114C-4697-967B-2C706626D93B}.Debug|x86.ActiveCfg = Debug|Win32
		{E9620E4F-114C-4697-967B-2C706626D93B}.Debug|x86.Build.0 = Debug|Win32
		{E9620E4F-114C-4697-967B-2C706626D93B}.Release|x64.ActiveCfg = Release|x64
		{E9620E4F-114C-4697-967B-2C706626D93B}.Release|x64.Build.0 = Release|x64
		{E9620E4F-114C-4697-967B-2C706626D93B}.Release|x86.ActiveCfg = Release|Win32
		{E9620E4F-114C-4697-967B-2C706626D93B}.Release|x86.Build.0 = Release|Win32
		{76A257F0-A437-4BE0-B148-E3D05127BB94}.Debug|x64.ActiveCfg = Debug|x64
		{76A257F0-A437-4BE0-B148-E3D05127BB94}.Debug|x64.Build.0 = Debug|x64
		{76A257F0-A437-4BE0-B148-E3D05127BB94}.Debug|x86.ActiveCfg = Debug|Win32
		{76A257F0-A437-4BE0-B148-E3D05127BB94}.Debug|x86.Build.0 = Debug|Win32
		{76A257F0-A437-4BE0-B148-E3D05127BB94}.Release|x64.ActiveCfg = Release|x64
		{76A257F0-A437-4BE0-B148-E3D05127BB94}.Release|x64.Build.0 = Release|x64
		{76A257F0-A437-4BE0-B148-E3D05127BB94}.Release|x86.ActiveCfg = Release|Win32
		{76A257F0-A437-4BE0-B148-E3D05127BB94}.Release|x86.Build.0 = Release|Win32
		{E6543D21-A058-4C74-8023-36ECCBAF554D}.Debug|x64.ActiveCfg = Debug|x64
		{E6543D21-A058-4C74-8023-36ECCBAF554D}.Debug|x64.Build.0 = Debug|x64
		{E6543D21-A058-4C74-8023-36ECCBAF554D}.Debug|x86.ActiveCfg = Debug|Win32
		{E6543D21-A058-4C74-8023-36ECCBAF554D}.Debug|x86.Build.0 = Debug|Win32
		{E6543D21-A058-4C74-8023-36ECCBAF554D}.Release|x64.ActiveCfg = Release|x64
		{E6543D21-A058-4C74-8023-36ECCBAF554D}.Release|x64.Build.0 = Release|x64
		{E6543D21-A058-4C74-8023-36ECCBAF554D}.Release|x86.ActiveCfg = Release|Win32
		{E6543D21-A058-4C74-8023-36ECCBAF554D}.Release|x86.Build.0 = Release|Win32
		{2DDDC5E9-0618-47D5-98ED-868C65806F49}.Debug|x64.ActiveCfg = Debug|x64
		{2DDDC5E9-0618-47D5-98ED-868C65806F49}.Debug|x64.Build.0 = Debug|x64
		{2DDDC5E9-0618-47D5-98ED-868C65806F49}.Debug|x86.ActiveCfg = Debug|Win32
		{2DDDC5E9-0618-47D5-98ED-868C65806F49}.Debug|x86.Build.0 = Debug|Win32
		{2DDDC5E9-0618-47D5-98ED-868C65806F49}.Release|x64.ActiveCfg = Release|x64
		{2DDDC5E9-0618-47D5-98ED-868C65806F49}.Release|x64.Build.0 = Release|x64
		{2DDDC5E9-0618-47D5-98ED-868C65806F49}.Release|x86.ActiveCfg = Release|Win32
		{2DDDC5E9-0618-47D5-98ED-868C65806F49}.Release|x86.Build.0 = Release|Win32
		{58044572-02AC-494D-88BD-408FBD598141}.Debug|x64.ActiveCfg = Debug|x64
		{58044572-02AC-494D-88BD-408FBD598141}.Debug|x64.Build.0 = Debug|x64
		{58044572-02AC-494D-88BD-408FBD598141}.Debug|x86.ActiveCfg = Debug|Win32
		{58044572-02AC-494D-88BD-408FBD598141}.Debug|x86.Build.0 = Debug|Win32
		{58044572-02AC-494D-88BD-408FBD598141}.Release|x64.ActiveCfg = Release|x64
		{58044572-02AC-494D-88BD-408FBD598141}.Release|x64.Build.0 = Release|x64
		{58044572-02AC-494D-88BD-408FBD598141}.Release|x86.ActiveCfg = Release|Win32
		{58044572-02AC-494D-88BD-408FBD598141}.Release|x86.Build.0 = Release|Win32
		{CB3D3EA5-CC66-42DB-82FB-42964B7042D4}.Debug|x64.ActiveCfg = Debug|x64
		{CB3D3EA5-CC66-42DB-82FB-42964B7042D4}.Debug|x64.Build.0 = Debug|x64
		{CB3D3EA5-CC66-42DB-82FB-42964B7042D4}.Debug|x86.ActiveCfg = Debug|Win32
		{CB3D3EA5-CC66-42DB-82FB-42964B7042D4}.Debug|x86.Build.0 = Debug|Win32
		{CB3D3EA5-CC66-42DB-82FB-42964B7042D4}.Release|x64.ActiveCfg = Release|x64
		{CB3D3EA5-CC66-42DB-82FB-42964B7042D4}.Release|x64.Build.0 = Release|x64
		{CB3D3EA5-CC66-42DB-82FB-42964B7042D4}.Release|x86.ActiveCfg = Release|Win32
		{CB3D3EA5-CC66-42DB-82FB-42964B7042D4}.Release|x86.Build.0 = Release|Win32
		{CEBC9244-074A-4488-BB77-1F3B30134E9C}.Debug|x64.ActiveCfg = Debug|x64
		{CEBC9244-074A-4488-BB77-1F3B30134E9C}.Debug|x64.Build.0 = Debug|x64
		{CEBC9244-074A-4488-BB77-1F3B30134E9C}.Debug|x86.ActiveCfg = Debug|Win32
		{CEBC9244-074A-4488-BB77-1F3B30134E9C}.Debug|x86.Build.0 = Debug|Win32
		{CEBC9244-074A-4488-BB77-1F3B30134E9C}.Release|x64.ActiveCfg = Release|x64
		{CEBC9244-074A-4488-BB77-1F3B30134E9C}.Release|x64.Build.0 = Release|x64
		{CEBC9244-074A-4488-BB77-1F3B30134E9C}.Release|x86.ActiveCfg = Release|Win32
		{CEBC9244-074A-4488-BB77-1F3B30134E9C}.Release|x86.Build.0 = Release|Win32
		{A1D10E8D-1BB0-49B8-94F1-57B11E1427E4}.Debug|x64.ActiveCfg = Debug|x64
		{A1D10E8D-1BB0-49B8-94F1-57B11E1427E4}.Debug|x64.Build.0 = Debug|x64
		{A1D10E8D-1BB0-49B8-94F1-57B11E1427E4}.Debug|x86.ActiveCfg = Debug|Win32
		{A1D10E8D-1BB0-49B8-94F1-57B11E1427E4}.Debug|x86.Build.0 = Debug|Win32
		{A1D10E8D-1BB0-49B8-94F1-57B11E1427E4}.Release|x64.ActiveCfg = Release|x64
		{A1D10E8D-1BB0-49B8-94F1-57B11E1427E4}.Release|x64.Build.0 = Release|x64
		{A1D10E8D-1BB0-49B8-94F1-57B11E1427E4}.Release|x86.ActiveCfg = Release|Win32
		{A1D10E8D-1BB0-49B8-94F1-57B11E1427E4}.Release|x86.Build.0 = Release|Win32
		{33ECF312-D5B4-4DFE-AF0D-76B4FD3D8F8A}.Debug|x64.ActiveCfg = Debug|x64
		{33ECF312-D5B4-4DFE-AF0D-76B4FD3D8F8A}.Debug|x64.Build.0 = Debug|x64
		{33ECF312-D5B4-4DFE-AF0D-76B4FD3D8F8A}.Debug|x86.ActiveCfg = Debug|Win32
		{33ECF312-D5B4-4DFE-AF0D-76B4FD3D8F8A}.Debug|x86.Build.0 = Debug|Win32
		{33ECF312-D5B4-4DFE-AF0D-76B4FD3D8F8A}.Release|x64.ActiveCfg = Release|x64
		{33ECF312-D5B4-4DFE-AF0D-76B4FD3D8F8A}.Release|x64.Build.0 = Release|x64
		{33ECF312-D5B4-4DFE-AF0D-76B4FD3D8F8A}.Release|x86.ActiveCfg = Release|Win32
		{33ECF312-D5B4-4DFE-AF0D-76B4FD3D8F8A}.Release|x86.Build.0 = Release|Win32
		{E61840F5-27B6-46C3-9753-A200D4B5862F}.Debug|x64.ActiveCfg = Debug|x64
		{E61840F5-27B6-46C3-9753-A200D4B5862F}.Debug|x64.Build.0 = Debug|x64
		{E61840F5-27B6-46C3-9753-A200D4B5862F}.Debug|x86.ActiveCfg = Debug|Win32
		{E61840F5-27B6-46C3-9753-A200D4B5862F}.Debug|x86.Build.0 = Debug|Win32
		{E61840F5-27B6-46C3-9753-A200D4B5862F}.Release|x64.ActiveCfg = Release|x64
		{E61840F5-27B6-46C3-9753-A200D4B5862F}.Release|x64.Build.0 = Release|x64
		{E61840F5-27B6-46C3-9753-A200D4B5862F}.Release|x86.ActiveCfg = Release|Win32
		{E61840F5-27B6-46C3-9753-A200D4B5862F}.Release|x86.Build.0 = Release|Win32
		{EE16DFF9-9EF3-4630-AF39-A1AC25114D48}.Debug|x64.ActiveCfg = Debug|x64
		{EE16DFF9-9EF3-4630-AF39-A1AC25114D48}.Debug|x64.Build.0 = Debug|x64
		{EE16DFF9-9EF3-4630-AF39-A1AC25114D48}.Debug|x86.ActiveCfg = Debug|Win32
		{EE16DFF9-9EF3-4630-AF39-A1AC25114D48}.Debug|x86.Build.0 = Debug|Win32
		{EE16DFF9-9EF3-4630-AF39-A1AC25114D48}.Release|x64.ActiveCfg = Release|x64
		{EE16DFF9-9EF3-4630-AF39-A1AC25114D48}.Release|x64.Build.0 = Release|x64
		{EE16DFF9-9EF3-4630-AF39-A1AC25114D48}.Release|x86.ActiveCfg = Release|Win32
		{EE16DFF9-9EF3-4630-AF39-A1AC25114D48}.Release|x86.Build.0 = Release|Win32
		{89FE3520-19EC-4EF9-9AC4-E7A3A907E3BF}.Debug|x64.ActiveCfg = Debug|x64
		{89FE3520-19EC-4EF9-9AC4-E7A3A907E3BF}.Debug|x64.Build.0 = Debug|x64
		{89FE3520-19EC-4EF9-9AC4-E7A3A907E3BF}.Debug|x86.ActiveCfg = Debug|Win32
		{89FE3520-19EC-4EF9-9AC4-E7A3A907E3BF}.Debug|x86.Build.0 = Debug|Win32
		{89FE3520-19EC-4EF9-9AC4-E7A3A907E3BF}.Release|x64.ActiveCfg = Release|x64
		{89FE3520-19EC-4EF9-9AC4-E7A3A907E3BF}.Release|x64.Build.0 = Release|x64
		{89FE3520-19EC-4EF9-9AC4-E7A3A907E3BF}.Release|x86.ActiveCfg = Release|Win32
		{89FE3520-19EC-4EF9-9AC4-E7A3A907E3BF}.Release|x86.Build.0 = Release|Win32
		{4BDCC4A9-088D-4D3E-8EE6-E50EE20E7D8C}.Debug|x64.ActiveCfg = Debug|x64
		{4BDCC4A9-088D-4D3E-8EE6-E50EE20E7D8C}.Debug|x64.Build.0 = Debug|x64
		{4BDCC4A9-088D-4D3E-8EE6-E50EE20E7D8C}.Debug|x86.ActiveCfg = Debug|Win32
		{4BDCC4A9-088D-4D3E-8EE6-E50EE20E7D8C}.Debug|x86.Build.0 = Debug|Win32
		{4BDCC4A9-088D-4D3E-8EE6-E50EE20E7D8C}.Release|x64.ActiveCfg = Release|x64
		{4BDCC4A9-088D-4D3E-8EE6-E50EE20E7D8C}.Release|x64.Build.0 = Release|x64
		{4BDCC4A9-088D-4D3E-8EE6-E50EE20E7D8C}.Release|x86.ActiveCfg = Release|Win32
		{4BDCC4A9-088D-4D3E-8EE6-E50EE20E7D8C}.Release|x86.Build.0 = Release|Win32
		{D2A480FB-4D69-4306-8EE1-959C85EF87CC}.Debug|x64.ActiveCfg = Debug|x64
		{D2A480FB-4D69-4306-8EE1-959C85EF87CC}.Debug|x64.Build.0 = Debug|x64
		{D2A480FB-4D69-4306-8EE1-959C85EF87CC}.Debug|x86.ActiveCfg = Debug|Win32
		{D2A480FB-4D69-4306-8EE1-959C85EF87CC}.Debug|x86.Build.0 = Debug|Win32
		{D2A480FB-4D69-4306-8EE1-959C85EF87CC}.Release|x64.ActiveCfg = Release|x64
		{D2A480FB-4D69-4306-8EE1-959C85EF87CC}.Release|x64.Build.0 = Release|x64
		{D2A480FB-4D69-4306-8EE1-959C85EF87CC}.Release|x86.ActiveCfg = Release|Win32
		{D2A480FB-4D69-4306-8EE1-959C85EF87CC}.Release|x86.Build.0 = Release|Win32
		{2E375098-2032-45EA-8C3C-F7FB51C5CAF6}.Debug|x64.ActiveCfg = Debug|x64
		{2E375098-2032-45EA-8C3C-F7FB51C5CAF6}.Debug|x64.Build.0 = Debug|x64
		{2E375098-2032-45EA-8C3C-F7FB51C5CAF6}.Debug|x86.ActiveCfg = Debug|Win32
		{2E375098-2032-45EA-8C3C-F7FB51C5CAF6}.Debug|x86.Build.0 = Debug|Win32
		{2E375098-2032-45EA-8C3C-F7FB51C5CAF6}.Release|x64.ActiveCfg = Release|x64
		{2E375098-2032-45EA-8C3C-F7FB51C5CAF6}.Release|x64.Build.0 = Release|x64
		{2E375098-2032-45EA-8C3C-F7FB51C5CAF6}.Release|x86.ActiveCfg = Release|Win32
		{2E375098-2032-45EA-8C3C-F7FB51C5CAF6}.Release|x86.Build.0 = Release|Win32
		{BC1B213B-48C0-45ED-8E20-702EEAFF989A}.Debug|x64.ActiveCfg = Debug|x64
		{BC1B213B-48C0-45ED-8E20-702EEAFF989A}.Debug|x64.Build.0 = Debug|x64
		{BC1B213B-48C0-45ED-8E20-702EEAFF989A}.Debug|x86.ActiveCfg = Debug|Win32
		{BC1B213B-48C0-45ED-8E20-702EEAFF989A}.Debug|x86.Build.0 = Debug|Win32
		{BC1B213B-48C0-45ED-8E20-702EEAFF989A}.Release|x64.ActiveCfg = Release|x64
		{BC1B213B-48C0-45ED-8E20-702EEAFF989A}.Release|x64.Build.0 = Release|x64
		{BC1B213B-48C0-45ED-8E20-702EEAFF989A}.Release|x86.ActiveCfg = Release|Win32
		{BC1B213B-48C0-45ED-8E20-702EEAFF989A}.Release|x86.Build.0 = Release|Win32
		{F86D5EB0-EF95-45DF-9447-34A047AA9051}.Debug|x64.ActiveCfg = Debug|x64
		{F86D5EB0-EF95-45DF-9447-34A047AA9051}.Debug|x64.Build.0 = Debug|x64
		{F86D5EB0-EF95-45DF-9447-34A047AA9051}.Debug|x86.ActiveCfg = Debug|Win32
		{F86D5EB0-EF95-45DF-9447-34A047AA9051}.Debug|x86.Build.0 = Debug|Win32
		{F86D5EB0-EF95-45DF-9447-34A047AA9051}.Release|x64.ActiveCfg = Release|x64
		{F86D5EB0-EF95-45DF-9447-34A047AA9051}.Release|x64.Build.0 = Release|x64
		{F86D5EB0-EF95-45DF-9447-34A047AA9051}.Release|x86.ActiveCfg = Release|Win32
		{F86D5EB0-EF95-45DF-9447-34A047AA9051}.Release|x86.Build.0 = Release|Win32
		{FBB5D986-F635-4979-9991-BC076AAC557F}.Debug|x64.ActiveCfg = Debug|x64
		{FBB5D986-F635-4979-9991-BC076AAC557F}.Debug|x64.Build.0 = Debug|x64
		{FBB5D986-F635-4979-9991-BC076AAC557F}.Debug|x86.ActiveCfg = Debug|Win32
		{FBB5D986-F635-4979-9991-BC076AAC557F}.Debug|x86.Build.0 = Debug|Win32
		{FBB5D986-F635-4979-9991-BC076AAC557F}.Release|x64.ActiveCfg = Release|x64
		{FBB5D986-F635-4979-9991-BC076AAC557F}.Release|x64.Build.0 = Release|x64
		{FBB5D986-F635-4979-9991-BC076AAC557F}.Release|x86.ActiveCfg = Release|Win32
		{FBB5D986-F635-4979-9991-BC076AAC557F}.Release|x86.Build.0 = Release|Win32
		{ADBC8B3A-4360-481D-B579-4E42B7504BF6}.Debug|x64.ActiveCfg = Debug|x64
		{ADBC8B3A-4360-481D-B579-4E42B7504BF6}.Debug|x64.Build.0 = Debug|x64
		{ADBC8B3A-4360-481D-B579-4E42B7504BF6}.Debug|x86.ActiveCfg = Debug|Win32
		{ADBC8B3A-4360-481D-B579-4E42B7504BF6}.Debug|x86.Build.0 = Debug|Win32
		{ADBC8B3A-4360-481D-B579-4E42B7504BF6}.Release|x64.ActiveCfg = Release|x64
		{ADBC8B3A-4360-481D-B579-4E42B7504BF6}.Release|x64.Build.0 = Release|x64
		{ADBC8B3A-4360-481D-B579-4E42B7504BF6}.Release|x86.ActiveCfg = Release|Win32
		{ADBC8B3A-4360-481D-B579-4E42B7504BF6}.Release|x86.Build.0 = Release|Win32
		{7A374A9A-2802-4133-A132-2D3FA1682817}.Debug|x64.ActiveCfg = Debug|x64
		{7A374A9A-2802-4133-A132-2D3FA1682817}.Debug|x64.Build.0 = Debug|x64
		{7A374A9A-2802-4133-A132-2D3FA1682817}.Debug|x86.ActiveCfg = Debug|Win32
		{7A374A9A-2802-4133-A132-2D3FA1682817}.Debug|x86.Build.0 = Debug|Win32
		{7A374A9A-2802-4133-A132-2D3FA1682817}.Release|x64.ActiveCfg = Release|x64
		{7A374A9A-2802-4133-A132-2D3FA1682817}.Release|x64.Build.0 = Release|x64
		{7A374A9A-2802-4133-A132-2D3FA1682817}.Release|x86.ActiveCfg = Release|Win32
		{7A374A9A-2802-4133-A132-2D3FA1682817}.Release|x86.Build.0 = Release|Win32
	EndGlobalSection
	GlobalSection(SolutionProperties) = preSolution
		HideSolutionNode = FALSE
	EndGlobalSection
	GlobalSection(NestedProjects) = preSolution
		{E69E1F88-ED9F-4D15-B9A4-B683E3EEC288} = {638B906C-1177-49D6-86F1-FCF8F6BED5FE}
		{82B520E1-4783-4504-840A-3E5CD3B911A4} = {638B906C-1177-49D6-86F1-FCF8F6BED5FE}
		{5EA025E7-317C-45E1-B762-AD1EFC95957F} = {638B906C-1177-49D6-86F1-FCF8F6BED5FE}
		{69815118-1F6D-491E-9C51-0793AF935EDE} = {638B906C-1177-49D6-86F1-FCF8F6BED5FE}
		{BFBF835E-F6F8-42B7-A9E2-FA5B3838A4E2} = {638B906C-1177-49D6-86F1-FCF8F6BED5FE}
		{60C0452C-F42A-4FE7-B0C3-BABEAC58BD26} = {638B906C-1177-49D6-86F1-FCF8F6BED5FE}
		{08545193-A844-45DA-95F0-0EBDAF30B741} = {638B906C-1177-49D6-86F1-FCF8F6BED5FE}
		{403012C0-AB41-4838-A0F0-0C085C602760} = {638B906C-1177-49D6-86F1-FCF8F6BED5FE}
		{85AA971B-3B9F-4441-A958-69DCAC3FC08F} = {23F97BB6-7B24-4705-B39C-9108B0A99B03}
		{F1EA1A74-DD5B-4346-9B4E-C7B4702DA29B} = {A1116243-A419-4C1A-8BCB-D66ABA7E979C}
		{58115674-FA8D-48CD-B00D-25E8298469C6} = {A1116243-A419-4C1A-8BCB-D66ABA7E979C}
		{12FF0685-339D-4A07-BDE3-B1D6F4EDCB73} = {A1116243-A419-4C1A-8BCB-D66ABA7E979C}
		{AA0C0EF0-7364-4B4D-9ADD-E2B0CD2679BF} = {638B906C-1177-49D6-86F1-FCF8F6BED5FE}
		{FC39D5CA-C8DE-45EC-B43E-08EDA8572D63} = {23F97BB6-7B24-4705-B39C-9108B0A99B03}
		{DF915CC9-C27A-4021-9102-F2C7A8182DDC} = {A1116243-A419-4C1A-8BCB-D66ABA7E979C}
		{B87BF4FA-193C-4CCF-BBCC-5D561AEBEABA} = {A1116243-A419-4C1A-8BCB-D66ABA7E979C}
		{AC45BA54-4F8F-40BA-A97B-25E230AAE4C5} = {638B906C-1177-49D6-86F1-FCF8F6BED5FE}
		{FDD49896-8CA4-4D61-9548-C5F1A60F94BD} = {638B906C-1177-49D6-86F1-FCF8F6BED5FE}
		{EEA6EF43-67E7-4CF4-A2DB-000E8B41996D} = {23F97BB6-7B24-4705-B39C-9108B0A99B03}
		{C5C55FE0-4A9C-4660-8830-EB3B7001A411} = {638B906C-1177-49D6-86F1-FCF8F6BED5FE}
		{19A719E7-5030-43D7-9F67-5EA04874846B} = {AA0C0EF0-7364-4B4D-9ADD-E2B0CD2679BF}
		{9C48C1BD-27AC-4697-B96B-4EBCB437259A} = {AA0C0EF0-7364-4B4D-9ADD-E2B0CD2679BF}
		{596AB83F-D3C5-4484-AEE5-0DEF6E8ADBE9} = {AC45BA54-4F8F-40BA-A97B-25E230AAE4C5}
		{D0841A3F-8EDC-418F-AFCF-60DB176EC104} = {AC45BA54-4F8F-40BA-A97B-25E230AAE4C5}
		{FE7BE6E5-72D7-4EA3-A6FC-11693B25C40E} = {EEA6EF43-67E7-4CF4-A2DB-000E8B41996D}
		{E9E84740-9346-4875-A92D-40BE85B65596} = {A1116243-A419-4C1A-8BCB-D66ABA7E979C}
		{1133CAA1-1840-4BC3-8CD0-7ED97FF18ABC} = {23F97BB6-7B24-4705-B39C-9108B0A99B03}
		{FB127A63-6F88-420D-A72A-CA61E63409B1} = {27441084-B1E4-494E-83C4-66A4BCBA9805}
		{8AC5CBF9-9D50-42C7-8CCF-DE19BA1FA27D} = {27441084-B1E4-494E-83C4-66A4BCBA9805}
		{1E8EED34-0B14-4673-8549-E6486550F088} = {638B906C-1177-49D6-86F1-FCF8F6BED5FE}
		{B1810833-73C7-4CA4-AF4B-AFF097390F1A} = {AC45BA54-4F8F-40BA-A97B-25E230AAE4C5}
		{0F739725-F22B-4E8D-BEC8-FE12A801EAD0} = {C5C55FE0-4A9C-4660-8830-EB3B7001A411}
		{55BD7FD7-5D94-4D30-AE3D-B9A5A3EA346C} = {1AA55DD9-5821-4C5B-980D-997F42D8264C}
		{0A10A3C7-9704-4ADA-B10B-6B2D4CF84521} = {1AA55DD9-5821-4C5B-980D-997F42D8264C}
		{A1A8E236-81B9-4BD8-9041-0A855F7E515D} = {1AA55DD9-5821-4C5B-980D-997F42D8264C}
		{CC7F5DA5-5C2B-4B7E-A44F-FA2863AD7471} = {1AA55DD9-5821-4C5B-980D-997F42D8264C}
		{6B63E413-6981-4F5D-9A04-D588BCC5212E} = {1AA55DD9-5821-4C5B-980D-997F42D8264C}
		{8A759BD1-1910-4825-96C7-0C5C0ED8C5B0} = {1AA55DD9-5821-4C5B-980D-997F42D8264C}
		{0CE5BC67-57DD-40DF-A415-D94A2C63BF4A} = {1AA55DD9-5821-4C5B-980D-997F42D8264C}
		{2F13CEB2-C11A-47CF-A012-B1FA14ABFBE0} = {1AA55DD9-5821-4C5B-980D-997F42D8264C}
		{9E6B0376-9BC9-41B6-9870-5C3619ED1713} = {1AA55DD9-5821-4C5B-980D-997F42D8264C}
		{C09C1A60-838A-4C33-9B83-41BF37CABBD1} = {1AA55DD9-5821-4C5B-980D-997F42D8264C}
		{C53E9EB5-5C21-4988-AEC6-568C3A42AE26} = {638B906C-1177-49D6-86F1-FCF8F6BED5FE}
		{BA1A03E3-D111-400D-A92D-6DB5676E44DE} = {88033A2C-B20C-4143-A6D8-0A943F34408E}
		{4FE0314B-EE4A-46E7-86FB-7C613D53B0E8} = {88033A2C-B20C-4143-A6D8-0A943F34408E}
		{D11C7C69-C778-49C0-8933-5426D6601200} = {88033A2C-B20C-4143-A6D8-0A943F34408E}
		{7FB82C3A-1AD1-4E06-AE65-6F1BEB21D4BB} = {88033A2C-B20C-4143-A6D8-0A943F34408E}
		{F8DE5FB2-8CCB-4F23-9B04-3183BF66BB84} = {638B906C-1177-49D6-86F1-FCF8F6BED5FE}
		{F0B9E1AB-0400-4694-A093-83B5671C4055} = {88033A2C-B20C-4143-A6D8-0A943F34408E}
		{EA3F548D-BC49-407E-BB50-D2240F3F4396} = {1AA55DD9-5821-4C5B-980D-997F42D8264C}
		{76A257F0-A437-4BE0-B148-E3D05127BB94} = {638B906C-1177-49D6-86F1-FCF8F6BED5FE}
		{E6543D21-A058-4C74-8023-36ECCBAF554D} = {638B906C-1177-49D6-86F1-FCF8F6BED5FE}
		{2DDDC5E9-0618-47D5-98ED-868C65806F49} = {638B906C-1177-49D6-86F1-FCF8F6BED5FE}
		{58044572-02AC-494D-88BD-408FBD598141} = {638B906C-1177-49D6-86F1-FCF8F6BED5FE}
		{CB3D3EA5-CC66-42DB-82FB-42964B7042D4} = {638B906C-1177-49D6-86F1-FCF8F6BED5FE}
		{CEBC9244-074A-4488-BB77-1F3B30134E9C} = {638B906C-1177-49D6-86F1-FCF8F6BED5FE}
		{A1D10E8D-1BB0-49B8-94F1-57B11E1427E4} = {638B906C-1177-49D6-86F1-FCF8F6BED5FE}
		{33ECF312-D5B4-4DFE-AF0D-76B4FD3D8F8A} = {638B906C-1177-49D6-86F1-FCF8F6BED5FE}
		{E61840F5-27B6-46C3-9753-A200D4B5862F} = {638B906C-1177-49D6-86F1-FCF8F6BED5FE}
		{EE16DFF9-9EF3-4630-AF39-A1AC25114D48} = {88033A2C-B20C-4143-A6D8-0A943F34408E}
		{89FE3520-19EC-4EF9-9AC4-E7A3A907E3BF} = {638B906C-1177-49D6-86F1-FCF8F6BED5FE}
		{4BDCC4A9-088D-4D3E-8EE6-E50EE20E7D8C} = {638B906C-1177-49D6-86F1-FCF8F6BED5FE}
		{D2A480FB-4D69-4306-8EE1-959C85EF87CC} = {88033A2C-B20C-4143-A6D8-0A943F34408E}
		{2E375098-2032-45EA-8C3C-F7FB51C5CAF6} = {88033A2C-B20C-4143-A6D8-0A943F34408E}
		{F86D5EB0-EF95-45DF-9447-34A047AA9051} = {1AA55DD9-5821-4C5B-980D-997F42D8264C}
		{FBB5D986-F635-4979-9991-BC076AAC557F} = {1AA55DD9-5821-4C5B-980D-997F42D8264C}
		{ADBC8B3A-4360-481D-B579-4E42B7504BF6} = {1AA55DD9-5821-4C5B-980D-997F42D8264C}
		{7A374A9A-2802-4133-A132-2D3FA1682817} = {638B906C-1177-49D6-86F1-FCF8F6BED5FE}
	EndGlobalSection
	GlobalSection(ExtensibilityGlobals) = postSolution
		SolutionGuid = {C69985D6-20AB-4E9A-AD82-08BFBE490891}
	EndGlobalSection
EndGlobal
