<?xml version="1.0" encoding="utf-8"?>
<Project ToolsVersion="4.0" xmlns="http://schemas.microsoft.com/developer/msbuild/2003">
  <ItemGroup>
    <ClInclude Include="handle.h" />
    <ClInclude Include="class.h" />
    <ClInclude Include="struct.h" />
    <ClInclude Include="instance.h" />
    <ClInclude Include="cursor.h" />
    <ClInclude Include="icon.h" />
    <ClInclude Include="device_context.h" />
    <ClInclude Include="object.h" />
    <ClInclude Include="bitmap.h" />
    <ClInclude Include="brush.h" />
    <ClInclude Include="pen.h" />
    <ClInclude Include="font.h" />
    <ClInclude Include="procedure.h" />
  </ItemGroup>
  <ItemGroup>
    <ClCompile Include="main.cpp" />
  </ItemGroup>
</Project>