<?xml version="1.0" encoding="utf-8"?>
<Project ToolsVersion="4.0" xmlns="http://schemas.microsoft.com/developer/msbuild/2003">
  <ItemGroup>
    <ClCompile Include="main.cpp" />
  </ItemGroup>
  <ItemGroup>
    <ClInclude Include="cellular_automata.h" />
    <ClInclude Include="data-structure\bit_grid.h">
      <Filter>data-structure</Filter>
    </ClInclude>
    <ClInclude Include="data-structure\pair.h">
      <Filter>data-structure</Filter>
    </ClInclude>
    <ClInclude Include="data-structure\vector.h">
      <Filter>data-structure</Filter>
    </ClInclude>
  </ItemGroup>
  <ItemGroup>
    <Filter Include="data-structure">
      <UniqueIdentifier>{ec797d0c-578c-470a-af28-0af93979dd95}</UniqueIdentifier>
    </Filter>
  </ItemGroup>
</Project>