<?xml version="1.0" encoding="utf-8"?>
<Project ToolsVersion="4.0" xmlns="http://schemas.microsoft.com/developer/msbuild/2003">
  <ItemGroup>
    <ClCompile Include="main.cpp" />
  </ItemGroup>
  <ItemGroup>
    <ClInclude Include="network.h" />
    <ClInclude Include="socket.h" />
    <ClInclude Include="domain.h" />
    <ClInclude Include="list.h">
      <Filter>data-structure</Filter>
    </ClInclude>
    <ClInclude Include="storage.h" />
    <ClInclude Include="poll.h" />
    <ClInclude Include="vector.h">
      <Filter>data-structure</Filter>
    </ClInclude>
    <ClInclude Include="select.h" />
    <ClInclude Include="pair.h">
      <Filter>data-structure</Filter>
    </ClInclude>
    <ClInclude Include="async.h" />
    <ClInclude Include="rpc.h" />
    <ClInclude Include="test.h" />
  </ItemGroup>
  <ItemGroup>
    <Filter Include="data-structure">
      <UniqueIdentifier>{9921b480-9573-4fcc-801f-31e7a4059392}</UniqueIdentifier>
    </Filter>
  </ItemGroup>
</Project>