<?xml version="1.0" encoding="utf-8"?>
<Project ToolsVersion="4.0" xmlns="http://schemas.microsoft.com/developer/msbuild/2003">
  <ItemGroup>
    <ClCompile Include="main.cpp" />
    <ClCompile Include="remote_procedure_call.cpp">
      <Filter>remote_procedure_call</Filter>
    </ClCompile>
  </ItemGroup>
  <ItemGroup>
    <ClInclude Include="network.h" />
    <ClInclude Include="socket.h" />
    <ClInclude Include="domain.h" />
    <ClInclude Include="list.h">
      <Filter>data-structure</Filter>
    </ClInclude>
    <ClInclude Include="storage.h" />
    <ClInclude Include="poll.h" />
    <ClInclude Include="vector.h">
      <Filter>data-structure</Filter>
    </ClInclude>
    <ClInclude Include="select.h" />
    <ClInclude Include="pair.h">
      <Filter>data-structure</Filter>
    </ClInclude>
    <ClInclude Include="async.h" />
    <ClInclude Include="serialize_buffer.h">
      <Filter>data-structure</Filter>
    </ClInclude>
    <ClInclude Include="remote_procedure_call.h">
      <Filter>remote_procedure_call</Filter>
    </ClInclude>
    <ClInclude Include="test.h">
      <Filter>remote_procedure_call</Filter>
    </ClInclude>
    <ClInclude Include="session.h">
      <Filter>remote_procedure_call</Filter>
    </ClInclude>
    <ClInclude Include="server.h">
      <Filter>remote_procedure_call</Filter>
    </ClInclude>
    <ClInclude Include="ring_buffer.h">
      <Filter>data-structure</Filter>
    </ClInclude>
  </ItemGroup>
  <ItemGroup>
    <Filter Include="data-structure">
      <UniqueIdentifier>{9921b480-9573-4fcc-801f-31e7a4059392}</UniqueIdentifier>
    </Filter>
    <Filter Include="remote_procedure_call">
      <UniqueIdentifier>{35a3246d-07c0-4181-b214-672cdd77e34a}</UniqueIdentifier>
    </Filter>
  </ItemGroup>
  <ItemGroup>
    <None Include="remote_procedure_call.py">
      <Filter>remote_procedure_call</Filter>
    </None>
  </ItemGroup>
</Project>