<?xml version="1.0" encoding="utf-8"?>
<Project ToolsVersion="4.0" xmlns="http://schemas.microsoft.com/developer/msbuild/2003">
  <ItemGroup>
    <ClCompile Include="main.cpp" />
  </ItemGroup>
  <ItemGroup>
    <ClInclude Include="network.h" />
    <ClInclude Include="socket.h" />
    <ClInclude Include="domain.h" />
    <ClInclude Include="list.h">
      <Filter>data-structure</Filter>
    </ClInclude>
    <ClInclude Include="storage.h" />
    <ClInclude Include="poll.h" />
    <ClInclude Include="vector.h">
      <Filter>data-structure</Filter>
    </ClInclude>
    <ClInclude Include="select.h" />
    <ClInclude Include="pair.h">
      <Filter>data-structure</Filter>
    </ClInclude>
    <ClInclude Include="async.h" />
    <ClInclude Include="rpc.h">
      <Filter>rpc</Filter>
    </ClInclude>
    <ClInclude Include="test.h">
      <Filter>rpc</Filter>
    </ClInclude>
    <ClInclude Include="ring_buffer.h">
      <Filter>data-structure</Filter>
    </ClInclude>
    <ClInclude Include="serialize_buffer.h">
      <Filter>data-structure</Filter>
    </ClInclude>
    <ClInclude Include="server.h">
      <Filter>server</Filter>
    </ClInclude>
    <ClInclude Include="session.h">
      <Filter>server</Filter>
    </ClInclude>
    <ClInclude Include="file_descriptor.h" />
    <ClInclude Include="server_v2.h">
      <Filter>server</Filter>
    </ClInclude>
  </ItemGroup>
  <ItemGroup>
    <Filter Include="data-structure">
      <UniqueIdentifier>{9921b480-9573-4fcc-801f-31e7a4059392}</UniqueIdentifier>
    </Filter>
    <Filter Include="server">
      <UniqueIdentifier>{7cddaa94-4ba8-4b00-9b1a-01cf0dab3a58}</UniqueIdentifier>
    </Filter>
    <Filter Include="rpc">
      <UniqueIdentifier>{07816cbe-b499-4ade-8f34-1efb93fa54aa}</UniqueIdentifier>
    </Filter>
  </ItemGroup>
  <ItemGroup>
    <None Include="rpc.py">
      <Filter>rpc</Filter>
    </None>
  </ItemGroup>
</Project>