<?xml version="1.0" encoding="utf-8"?>
<Project ToolsVersion="4.0" xmlns="http://schemas.microsoft.com/developer/msbuild/2003">
  <ItemGroup>
    <ClInclude Include="client.h" />
    <ClInclude Include="component.h">
      <Filter>component</Filter>
    </ClInclude>
    <ClInclude Include="transform.h">
      <Filter>component</Filter>
    </ClInclude>
    <ClInclude Include="system.h">
      <Filter>system</Filter>
    </ClInclude>
    <ClInclude Include="object.h">
      <Filter>object</Filter>
    </ClInclude>
    <ClInclude Include="scene.h">
      <Filter>scene</Filter>
    </ClInclude>
    <ClInclude Include="camera.h">
      <Filter>component</Filter>
    </ClInclude>
    <ClInclude Include="timer.h" />
    <ClInclude Include="graphic.h" />
    <ClInclude Include="window.h" />
    <ClInclude Include="behaviour.h">
      <Filter>component</Filter>
    </ClInclude>
    <ClInclude Include="behave.h">
      <Filter>system</Filter>
    </ClInclude>
    <ClInclude Include="resource.h">
      <Filter>resource</Filter>
    </ClInclude>
    <ClInclude Include="texture.h">
      <Filter>resource</Filter>
    </ClInclude>
    <ClInclude Include="input.h" />
    <ClInclude Include="audio.h" />
    <ClInclude Include="sound.h">
      <Filter>resource</Filter>
    </ClInclude>
    <ClInclude Include="camera_move.h">
      <Filter>component</Filter>
    </ClInclude>
    <ClInclude Include="mesh.h">
      <Filter>resource</Filter>
    </ClInclude>
    <ClInclude Include="shader.h">
      <Filter>resource</Filter>
    </ClInclude>
    <ClInclude Include="pipeline.h">
      <Filter>pipeline</Filter>
    </ClInclude>
  </ItemGroup>
  <ItemGroup>
    <ClCompile Include="main.cpp" />
    <ClCompile Include="client.cpp" />
    <ClCompile Include="scene.cpp">
      <Filter>scene</Filter>
    </ClCompile>
    <ClCompile Include="object.cpp">
      <Filter>object</Filter>
    </ClCompile>
    <ClCompile Include="component.cpp">
      <Filter>component</Filter>
    </ClCompile>
    <ClCompile Include="texture.cpp">
      <Filter>resource</Filter>
    </ClCompile>
    <ClCompile Include="timer.cpp" />
    <ClCompile Include="graphic.cpp" />
    <ClCompile Include="window.cpp" />
    <ClCompile Include="input.cpp" />
    <ClCompile Include="sound.cpp">
      <Filter>resource</Filter>
    </ClCompile>
    <ClCompile Include="resource.cpp">
      <Filter>resource</Filter>
    </ClCompile>
    <ClCompile Include="audio.cpp" />
    <ClCompile Include="behave.cpp">
      <Filter>system</Filter>
    </ClCompile>
    <ClCompile Include="transform.cpp">
      <Filter>component</Filter>
    </ClCompile>
    <ClCompile Include="camera.cpp">
      <Filter>component</Filter>
    </ClCompile>
    <ClCompile Include="behaviour.cpp">
      <Filter>component</Filter>
    </ClCompile>
    <ClCompile Include="camera_move.cpp">
      <Filter>component</Filter>
    </ClCompile>
    <ClCompile Include="mesh.cpp">
      <Filter>resource</Filter>
    </ClCompile>
    <ClCompile Include="shader.cpp">
      <Filter>resource</Filter>
    </ClCompile>
  </ItemGroup>
  <ItemGroup>
    <Filter Include="component">
      <UniqueIdentifier>{26fd3a4f-278f-45c1-bfd6-547c8013bd47}</UniqueIdentifier>
    </Filter>
    <Filter Include="system">
      <UniqueIdentifier>{9b6eb6da-e6e7-41ff-b6de-2def6a5c2ff6}</UniqueIdentifier>
    </Filter>
    <Filter Include="object">
      <UniqueIdentifier>{7adcc674-fb12-4430-8d5d-db3fd33ad4ab}</UniqueIdentifier>
    </Filter>
    <Filter Include="scene">
      <UniqueIdentifier>{4d75da38-b1c1-4942-afc4-c93c56e85de8}</UniqueIdentifier>
    </Filter>
    <Filter Include="resource">
      <UniqueIdentifier>{465a10f0-daac-4a71-b933-d1638d9289a4}</UniqueIdentifier>
    </Filter>
    <Filter Include="pipeline">
      <UniqueIdentifier>{135e0c4c-2017-4940-ad55-5cc2878a2c41}</UniqueIdentifier>
    </Filter>
  </ItemGroup>
  <ItemGroup>
    <None Include="packages.config" />
  </ItemGroup>
  <ItemGroup>
    <FxCompile Include="VertexShader.hlsl">
      <Filter>resource</Filter>
    </FxCompile>
    <FxCompile Include="PixelShader.hlsl">
      <Filter>resource</Filter>
    </FxCompile>
  </ItemGroup>
</Project>