<?xml version="1.0" encoding="utf-8"?>
<Project ToolsVersion="4.0" xmlns="http://schemas.microsoft.com/developer/msbuild/2003">
  <ItemGroup>
    <ClInclude Include="component.h">
      <Filter>content\scene\component</Filter>
    </ClInclude>
    <ClInclude Include="transform.h">
      <Filter>content\scene\component</Filter>
    </ClInclude>
    <ClInclude Include="system.h">
      <Filter>content\scene\system</Filter>
    </ClInclude>
    <ClInclude Include="scene.h">
      <Filter>content\scene</Filter>
    </ClInclude>
    <ClInclude Include="camera.h">
      <Filter>content\scene\component</Filter>
    </ClInclude>
    <ClInclude Include="behaviour.h">
      <Filter>content\scene\component</Filter>
    </ClInclude>
    <ClInclude Include="behave.h">
      <Filter>content\scene\system</Filter>
    </ClInclude>
    <ClInclude Include="resource.h">
      <Filter>content\resource</Filter>
    </ClInclude>
    <ClInclude Include="texture.h">
      <Filter>content\resource</Filter>
    </ClInclude>
    <ClInclude Include="sound.h">
      <Filter>content\resource</Filter>
    </ClInclude>
    <ClInclude Include="camera_move.h">
      <Filter>content\scene\component</Filter>
    </ClInclude>
    <ClInclude Include="mesh.h">
      <Filter>content\resource</Filter>
    </ClInclude>
    <ClInclude Include="shader.h">
      <Filter>content\resource</Filter>
    </ClInclude>
    <ClInclude Include="pipeline.h">
      <Filter>content\scene\system</Filter>
    </ClInclude>
    <ClInclude Include="renderer.h">
      <Filter>content\scene\component</Filter>
    </ClInclude>
    <ClInclude Include="library\imgui\imconfig.h">
      <Filter>library\imgui</Filter>
    </ClInclude>
    <ClInclude Include="library\imgui\imgui.h">
      <Filter>library\imgui</Filter>
    </ClInclude>
    <ClInclude Include="library\imgui\imgui_impl_dx11.h">
      <Filter>library\imgui</Filter>
    </ClInclude>
    <ClInclude Include="library\imgui\imgui_impl_win32.h">
      <Filter>library\imgui</Filter>
    </ClInclude>
    <ClInclude Include="library\imgui\imgui_internal.h">
      <Filter>library\imgui</Filter>
    </ClInclude>
    <ClInclude Include="library\imgui\imstb_rectpack.h">
      <Filter>library\imgui</Filter>
    </ClInclude>
    <ClInclude Include="library\imgui\imstb_textedit.h">
      <Filter>library\imgui</Filter>
    </ClInclude>
    <ClInclude Include="library\imgui\imstb_truetype.h">
      <Filter>library\imgui</Filter>
    </ClInclude>
    <ClInclude Include="window.h">
      <Filter>content</Filter>
    </ClInclude>
    <ClInclude Include="audio.h">
      <Filter>content</Filter>
    </ClInclude>
    <ClInclude Include="client.h">
      <Filter>content</Filter>
    </ClInclude>
    <ClInclude Include="graphic.h">
      <Filter>content</Filter>
    </ClInclude>
    <ClInclude Include="input.h">
      <Filter>content</Filter>
    </ClInclude>
    <ClInclude Include="timer.h">
      <Filter>content</Filter>
    </ClInclude>
    <ClInclude Include="editor.h">
      <Filter>content\editor</Filter>
    </ClInclude>
    <ClInclude Include="menu.h">
      <Filter>content\editor</Filter>
    </ClInclude>
    <ClInclude Include="material.h">
      <Filter>content\resource</Filter>
    </ClInclude>
    <ClInclude Include="library\tinygltf\stb_image.h">
      <Filter>library\tinygltf</Filter>
    </ClInclude>
    <ClInclude Include="library\tinygltf\stb_image_write.h">
      <Filter>library\tinygltf</Filter>
    </ClInclude>
    <ClInclude Include="library\tinygltf\tiny_gltf.h">
      <Filter>library\tinygltf</Filter>
    </ClInclude>
    <ClInclude Include="collider.h">
      <Filter>content\scene\component</Filter>
    </ClInclude>
    <ClInclude Include="library\json.hpp">
      <Filter>library</Filter>
    </ClInclude>
    <ClInclude Include="inspector.h">
      <Filter>content\editor</Filter>
    </ClInclude>
    <ClInclude Include="object.h">
      <Filter>content\scene\object</Filter>
    </ClInclude>
    <ClInclude Include="level.h">
      <Filter>content\resource</Filter>
    </ClInclude>
  </ItemGroup>
  <ItemGroup>
    <ClCompile Include="main.cpp" />
    <ClCompile Include="scene.cpp">
      <Filter>content\scene</Filter>
    </ClCompile>
    <ClCompile Include="component.cpp">
      <Filter>content\scene\component</Filter>
    </ClCompile>
    <ClCompile Include="texture.cpp">
      <Filter>content\resource</Filter>
    </ClCompile>
    <ClCompile Include="sound.cpp">
      <Filter>content\resource</Filter>
    </ClCompile>
    <ClCompile Include="resource.cpp">
      <Filter>content\resource</Filter>
    </ClCompile>
    <ClCompile Include="behave.cpp">
      <Filter>content\scene\system</Filter>
    </ClCompile>
    <ClCompile Include="transform.cpp">
      <Filter>content\scene\component</Filter>
    </ClCompile>
    <ClCompile Include="camera.cpp">
      <Filter>content\scene\component</Filter>
    </ClCompile>
    <ClCompile Include="behaviour.cpp">
      <Filter>content\scene\component</Filter>
    </ClCompile>
    <ClCompile Include="camera_move.cpp">
      <Filter>content\scene\component</Filter>
    </ClCompile>
    <ClCompile Include="mesh.cpp">
      <Filter>content\resource</Filter>
    </ClCompile>
    <ClCompile Include="shader.cpp">
      <Filter>content\resource</Filter>
    </ClCompile>
    <ClCompile Include="pipeline.cpp">
      <Filter>content\scene\system</Filter>
    </ClCompile>
    <ClCompile Include="renderer.cpp">
      <Filter>content\scene\component</Filter>
    </ClCompile>
    <ClCompile Include="library\imgui\imgui.cpp">
      <Filter>library\imgui</Filter>
    </ClCompile>
    <ClCompile Include="library\imgui\imgui_demo.cpp">
      <Filter>library\imgui</Filter>
    </ClCompile>
    <ClCompile Include="library\imgui\imgui_draw.cpp">
      <Filter>library\imgui</Filter>
    </ClCompile>
    <ClCompile Include="library\imgui\imgui_impl_dx11.cpp">
      <Filter>library\imgui</Filter>
    </ClCompile>
    <ClCompile Include="library\imgui\imgui_impl_win32.cpp">
      <Filter>library\imgui</Filter>
    </ClCompile>
    <ClCompile Include="library\imgui\imgui_tables.cpp">
      <Filter>library\imgui</Filter>
    </ClCompile>
    <ClCompile Include="library\imgui\imgui_widgets.cpp">
      <Filter>library\imgui</Filter>
    </ClCompile>
    <ClCompile Include="audio.cpp">
      <Filter>content</Filter>
    </ClCompile>
    <ClCompile Include="client.cpp">
      <Filter>content</Filter>
    </ClCompile>
    <ClCompile Include="graphic.cpp">
      <Filter>content</Filter>
    </ClCompile>
    <ClCompile Include="input.cpp">
      <Filter>content</Filter>
    </ClCompile>
    <ClCompile Include="timer.cpp">
      <Filter>content</Filter>
    </ClCompile>
    <ClCompile Include="window.cpp">
      <Filter>content</Filter>
    </ClCompile>
    <ClCompile Include="editor.cpp">
      <Filter>content\editor</Filter>
    </ClCompile>
    <ClCompile Include="menu.cpp">
      <Filter>content\editor</Filter>
    </ClCompile>
    <ClCompile Include="material.cpp">
      <Filter>content\resource</Filter>
    </ClCompile>
    <ClCompile Include="library\tinygltf\tiny_gltf.cc">
      <Filter>library\tinygltf</Filter>
    </ClCompile>
    <ClCompile Include="collider.cpp">
      <Filter>content\scene\component</Filter>
    </ClCompile>
    <ClCompile Include="inspector.cpp">
      <Filter>content\editor</Filter>
    </ClCompile>
    <ClCompile Include="object.cpp">
      <Filter>content\scene\object</Filter>
    </ClCompile>
    <ClCompile Include="level.cpp">
      <Filter>content\resource</Filter>
    </ClCompile>
  </ItemGroup>
  <ItemGroup>
    <Filter Include="library">
      <UniqueIdentifier>{83158497-88e1-4b19-9835-3ca09611e610}</UniqueIdentifier>
    </Filter>
    <Filter Include="library\imgui">
      <UniqueIdentifier>{b2f75305-c3ac-44c3-94f8-5e6f69f66c10}</UniqueIdentifier>
    </Filter>
    <Filter Include="content">
      <UniqueIdentifier>{a9558376-5987-4f3c-9250-60b39e4badcd}</UniqueIdentifier>
    </Filter>
    <Filter Include="content\resource">
      <UniqueIdentifier>{465a10f0-daac-4a71-b933-d1638d9289a4}</UniqueIdentifier>
    </Filter>
    <Filter Include="content\scene">
      <UniqueIdentifier>{4d75da38-b1c1-4942-afc4-c93c56e85de8}</UniqueIdentifier>
    </Filter>
    <Filter Include="content\editor">
      <UniqueIdentifier>{3caa2f5b-667a-4016-8bf1-80d552c77180}</UniqueIdentifier>
    </Filter>
    <Filter Include="library\tinygltf">
      <UniqueIdentifier>{85e2ebf0-2373-499f-bfaf-391e3a80a838}</UniqueIdentifier>
    </Filter>
    <Filter Include="content\scene\system">
      <UniqueIdentifier>{9b6eb6da-e6e7-41ff-b6de-2def6a5c2ff6}</UniqueIdentifier>
    </Filter>
    <Filter Include="content\scene\component">
      <UniqueIdentifier>{26fd3a4f-278f-45c1-bfd6-547c8013bd47}</UniqueIdentifier>
    </Filter>
    <Filter Include="content\scene\object">
      <UniqueIdentifier>{b895bb90-f978-4b7b-9200-f4efdb0d3ef3}</UniqueIdentifier>
    </Filter>
  </ItemGroup>
  <ItemGroup>
    <None Include="packages.config" />
    <None Include="camera.hlsli">
      <Filter>content\resource</Filter>
    </None>
  </ItemGroup>
  <ItemGroup>
    <FxCompile Include="sprite_vertex.hlsl">
      <Filter>content\resource</Filter>
    </FxCompile>
    <FxCompile Include="sprite_pixel.hlsl">
      <Filter>content\resource</Filter>
    </FxCompile>
  </ItemGroup>
</Project>