<?xml version="1.0" encoding="utf-8"?>
<Project ToolsVersion="4.0" xmlns="http://schemas.microsoft.com/developer/msbuild/2003">
  <ItemGroup>
    <ClCompile Include="main.cpp" />
  </ItemGroup>
  <ItemGroup>
    <ClInclude Include="socket.h" />
    <ClInclude Include="domain.h" />
    <ClInclude Include="socket_address.h" />
    <ClInclude Include="select.h" />
    <ClInclude Include="file_descriptor.h" />
    <ClInclude Include="window_socket_api\initialize.h">
      <Filter>window_socket_api</Filter>
    </ClInclude>
    <ClInclude Include="window_socket_api\async.h">
      <Filter>window_socket_api</Filter>
    </ClInclude>
    <ClInclude Include="window_socket_api\function.h">
      <Filter>window_socket_api</Filter>
    </ClInclude>
    <ClInclude Include="iocp\server.h">
      <Filter>iocp</Filter>
    </ClInclude>
    <ClInclude Include="select\poll.h">
      <Filter>select</Filter>
    </ClInclude>
    <ClInclude Include="select\rpc.h">
      <Filter>select</Filter>
    </ClInclude>
    <ClInclude Include="select\server.h">
      <Filter>select</Filter>
    </ClInclude>
    <ClInclude Include="select\server_v2.h">
      <Filter>select</Filter>
    </ClInclude>
    <ClInclude Include="select\session.h">
      <Filter>select</Filter>
    </ClInclude>
  </ItemGroup>
  <ItemGroup>
    <Filter Include="select">
      <UniqueIdentifier>{b2adf759-0d47-455c-85c2-56ff88e6de14}</UniqueIdentifier>
    </Filter>
    <Filter Include="iocp">
      <UniqueIdentifier>{29c78510-960a-4674-84b0-efe6ea67fd09}</UniqueIdentifier>
    </Filter>
    <Filter Include="window_socket_api">
      <UniqueIdentifier>{39e58ec2-d7a8-420a-803b-5a91bc40b051}</UniqueIdentifier>
    </Filter>
  </ItemGroup>
  <ItemGroup>
    <None Include="select\rpc.py">
      <Filter>select</Filter>
    </None>
  </ItemGroup>
</Project>