<?xml version="1.0" encoding="utf-8"?>
<Project ToolsVersion="4.0" xmlns="http://schemas.microsoft.com/developer/msbuild/2003">
  <ItemGroup>
    <ClCompile Include="main.cpp" />
    <ClCompile Include="dxgi\factory.cpp">
      <Filter>dxgi</Filter>
    </ClCompile>
    <ClCompile Include="d3d11\texture_2d.cpp">
      <Filter>d3d11</Filter>
    </ClCompile>
    <ClCompile Include="d3d11\device.cpp">
      <Filter>d3d11</Filter>
    </ClCompile>
    <ClCompile Include="dxgi\device.cpp">
      <Filter>dxgi</Filter>
    </ClCompile>
    <ClCompile Include="dxgi\adapter.cpp">
      <Filter>dxgi</Filter>
    </ClCompile>
    <ClCompile Include="d3d11\device_context.cpp">
      <Filter>d3d11</Filter>
    </ClCompile>
    <ClCompile Include="dxgi\swap_chain.cpp">
      <Filter>dxgi</Filter>
    </ClCompile>
    <ClCompile Include="d3d11\buffer.cpp">
      <Filter>d3d11</Filter>
    </ClCompile>
    <ClCompile Include="d3d\blob.cpp">
      <Filter>d3d</Filter>
    </ClCompile>
    <ClCompile Include="d3d11\input_layout.cpp">
      <Filter>d3d11</Filter>
    </ClCompile>
    <ClCompile Include="d3d11\vertex_shader.cpp">
      <Filter>d3d11</Filter>
    </ClCompile>
    <ClCompile Include="d3d11\render_target_view.cpp">
      <Filter>d3d11</Filter>
    </ClCompile>
    <ClCompile Include="d3d11\pixel_shader.cpp">
      <Filter>d3d11</Filter>
    </ClCompile>
    <ClCompile Include="d3d11\rasterize_state.cpp">
      <Filter>d3d11</Filter>
    </ClCompile>
    <ClCompile Include="d3d11\blend_state.cpp">
      <Filter>d3d11</Filter>
    </ClCompile>
    <ClCompile Include="d3d11\depth_stencil_state.cpp">
      <Filter>d3d11</Filter>
    </ClCompile>
    <ClCompile Include="d3d11\sampler_state.cpp">
      <Filter>d3d11</Filter>
    </ClCompile>
    <ClCompile Include="d3d11\shader_resource_view.cpp">
      <Filter>d3d11</Filter>
    </ClCompile>
    <ClCompile Include="d3d11\unorder_access_view.cpp">
      <Filter>d3d11</Filter>
    </ClCompile>
    <ClCompile Include="d3d11\depth_stencil_view.cpp">
      <Filter>d3d11</Filter>
    </ClCompile>
    <ClCompile Include="d3d11\resource.cpp">
      <Filter>d3d11</Filter>
    </ClCompile>
    <ClCompile Include="dmath\matrix.cpp">
      <Filter>dmath</Filter>
    </ClCompile>
    <ClCompile Include="dmath\vector.cpp">
      <Filter>dmath</Filter>
    </ClCompile>
    <ClCompile Include="d3d11\shader_reflect.cpp">
      <Filter>d3d11</Filter>
    </ClCompile>
  </ItemGroup>
  <ItemGroup>
    <Filter Include="dxgi">
      <UniqueIdentifier>{72fca465-90fe-47b6-94de-a40b05e27180}</UniqueIdentifier>
    </Filter>
    <Filter Include="d3d11">
      <UniqueIdentifier>{5691e213-2028-4895-8223-98da4686d8cf}</UniqueIdentifier>
    </Filter>
    <Filter Include="dmath">
      <UniqueIdentifier>{64cb965d-f149-47a4-92a0-daa95e4aa2e5}</UniqueIdentifier>
    </Filter>
    <Filter Include="d3d">
      <UniqueIdentifier>{6a3f84fe-9d89-41b9-9a3f-fa0e4de1283f}</UniqueIdentifier>
    </Filter>
  </ItemGroup>
  <ItemGroup>
    <ClInclude Include="d3d11\buffer.h">
      <Filter>d3d11</Filter>
    </ClInclude>
    <ClInclude Include="d3d11\device_context.h">
      <Filter>d3d11</Filter>
    </ClInclude>
    <ClInclude Include="d3d11\device.h">
      <Filter>d3d11</Filter>
    </ClInclude>
    <ClInclude Include="d3d11\render_target_view.h">
      <Filter>d3d11</Filter>
    </ClInclude>
    <ClInclude Include="d3d11\shader_resource_view.h">
      <Filter>d3d11</Filter>
    </ClInclude>
    <ClInclude Include="d3d11\texture_2d.h">
      <Filter>d3d11</Filter>
    </ClInclude>
    <ClInclude Include="d3d11\unorder_access_view.h">
      <Filter>d3d11</Filter>
    </ClInclude>
    <ClInclude Include="dxgi\swap_chain.h">
      <Filter>dxgi</Filter>
    </ClInclude>
    <ClInclude Include="dxgi\device.h">
      <Filter>dxgi</Filter>
    </ClInclude>
    <ClInclude Include="dxgi\adapter.h">
      <Filter>dxgi</Filter>
    </ClInclude>
    <ClInclude Include="dmath\matrix.h">
      <Filter>dmath</Filter>
    </ClInclude>
    <ClInclude Include="dxgi\factory.h">
      <Filter>dxgi</Filter>
    </ClInclude>
    <ClInclude Include="d3d11\depth_stencil_view.h">
      <Filter>d3d11</Filter>
    </ClInclude>
    <ClInclude Include="directx.h" />
    <ClInclude Include="d3d11\view_port.h">
      <Filter>d3d11</Filter>
    </ClInclude>
    <ClInclude Include="d3d\blob.h">
      <Filter>d3d</Filter>
    </ClInclude>
    <ClInclude Include="d3d11\input_layout.h">
      <Filter>d3d11</Filter>
    </ClInclude>
    <ClInclude Include="d3d11\vertex_shader.h">
      <Filter>d3d11</Filter>
    </ClInclude>
    <ClInclude Include="d3d11\pixel_shader.h">
      <Filter>d3d11</Filter>
    </ClInclude>
    <ClInclude Include="d3d11\rasterize_state.h">
      <Filter>d3d11</Filter>
    </ClInclude>
    <ClInclude Include="d3d11\blend_state.h">
      <Filter>d3d11</Filter>
    </ClInclude>
    <ClInclude Include="d3d11\depth_stencil_state.h">
      <Filter>d3d11</Filter>
    </ClInclude>
    <ClInclude Include="d3d11\sampler_state.h">
      <Filter>d3d11</Filter>
    </ClInclude>
    <ClInclude Include="d3d11\resource.h">
      <Filter>d3d11</Filter>
    </ClInclude>
    <ClInclude Include="dmath\vector.h">
      <Filter>dmath</Filter>
    </ClInclude>
    <ClInclude Include="d3d11\shader_reflect.h">
      <Filter>d3d11</Filter>
    </ClInclude>
  </ItemGroup>
</Project>