<?xml version="1.0" encoding="utf-8"?>
<Project ToolsVersion="4.0" xmlns="http://schemas.microsoft.com/developer/msbuild/2003">
  <ItemGroup>
    <ClCompile Include="main.cpp" />
    <ClCompile Include="dxgi\factory.cpp">
      <Filter>dxgi</Filter>
    </ClCompile>
    <ClCompile Include="d3d11\texture_2d.cpp">
      <Filter>d3d11</Filter>
    </ClCompile>
    <ClCompile Include="d3d11\device.cpp">
      <Filter>d3d11</Filter>
    </ClCompile>
    <ClCompile Include="dxgi\device.cpp">
      <Filter>dxgi</Filter>
    </ClCompile>
    <ClCompile Include="dxgi\adapter.cpp">
      <Filter>dxgi</Filter>
    </ClCompile>
    <ClCompile Include="d3d11\device_context.cpp">
      <Filter>d3d11</Filter>
    </ClCompile>
    <ClCompile Include="dxgi\swap_chain.cpp">
      <Filter>dxgi</Filter>
    </ClCompile>
  </ItemGroup>
  <ItemGroup>
    <Filter Include="dxgi">
      <UniqueIdentifier>{72fca465-90fe-47b6-94de-a40b05e27180}</UniqueIdentifier>
    </Filter>
    <Filter Include="d3d11">
      <UniqueIdentifier>{5691e213-2028-4895-8223-98da4686d8cf}</UniqueIdentifier>
    </Filter>
    <Filter Include="dmath">
      <UniqueIdentifier>{64cb965d-f149-47a4-92a0-daa95e4aa2e5}</UniqueIdentifier>
    </Filter>
  </ItemGroup>
  <ItemGroup>
    <ClInclude Include="d3d11\buffer.h">
      <Filter>d3d11</Filter>
    </ClInclude>
    <ClInclude Include="d3d11\device_context.h">
      <Filter>d3d11</Filter>
    </ClInclude>
    <ClInclude Include="d3d11\device.h">
      <Filter>d3d11</Filter>
    </ClInclude>
    <ClInclude Include="d3d11\render_target_view.h">
      <Filter>d3d11</Filter>
    </ClInclude>
    <ClInclude Include="d3d11\shader_resource_view.h">
      <Filter>d3d11</Filter>
    </ClInclude>
    <ClInclude Include="d3d11\texture_2d.h">
      <Filter>d3d11</Filter>
    </ClInclude>
    <ClInclude Include="d3d11\unorder_access_view.h">
      <Filter>d3d11</Filter>
    </ClInclude>
    <ClInclude Include="dxgi\swap_chain.h">
      <Filter>dxgi</Filter>
    </ClInclude>
    <ClInclude Include="dxgi\device.h">
      <Filter>dxgi</Filter>
    </ClInclude>
    <ClInclude Include="dxgi\adapter.h">
      <Filter>dxgi</Filter>
    </ClInclude>
    <ClInclude Include="dmath\float.h">
      <Filter>dmath</Filter>
    </ClInclude>
    <ClInclude Include="dxgi\factory.h">
      <Filter>dxgi</Filter>
    </ClInclude>
    <ClInclude Include="d3d11\depth_stencil_view.h">
      <Filter>d3d11</Filter>
    </ClInclude>
    <ClInclude Include="directx.h" />
    <ClInclude Include="d3d11\view_port.h">
      <Filter>d3d11</Filter>
    </ClInclude>
    <ClInclude Include="d3d11\texture_2d_descript.h">
      <Filter>d3d11</Filter>
    </ClInclude>
  </ItemGroup>
</Project>