<?xml version="1.0" encoding="utf-8"?>
<Project ToolsVersion="4.0" xmlns="http://schemas.microsoft.com/developer/msbuild/2003">
  <ItemGroup>
    <ClInclude Include="design-pattern\singleton.h">
      <Filter>library\design-pattern</Filter>
    </ClInclude>
    <ClInclude Include="engine.h">
      <Filter>engine</Filter>
    </ClInclude>
    <ClInclude Include="object_manager.h">
      <Filter>engine\object</Filter>
    </ClInclude>
    <ClInclude Include="object.h">
      <Filter>engine\object</Filter>
    </ClInclude>
    <ClInclude Include="data-structure\list.h">
      <Filter>library\data-structure</Filter>
    </ClInclude>
    <ClInclude Include="data-structure\map.h">
      <Filter>library\data-structure</Filter>
    </ClInclude>
    <ClInclude Include="data-structure\predicate.h">
      <Filter>library\data-structure</Filter>
    </ClInclude>
    <ClInclude Include="data-structure\pair.h">
      <Filter>library\data-structure</Filter>
    </ClInclude>
    <ClInclude Include="component.h">
      <Filter>engine\component</Filter>
    </ClInclude>
    <ClInclude Include="component_manager.h">
      <Filter>engine\component</Filter>
    </ClInclude>
    <ClInclude Include="data-structure\unordered_map.h">
      <Filter>library\data-structure</Filter>
    </ClInclude>
    <ClInclude Include="data-structure\hash.h">
      <Filter>library\data-structure</Filter>
    </ClInclude>
    <ClInclude Include="data-structure\vector.h">
      <Filter>library\data-structure</Filter>
    </ClInclude>
    <ClInclude Include="timer_manager.h">
      <Filter>engine\frame</Filter>
    </ClInclude>
  </ItemGroup>
  <ItemGroup>
    <Filter Include="library">
      <UniqueIdentifier>{256e3e59-a51d-4f09-a97c-ce0fc5e9608e}</UniqueIdentifier>
    </Filter>
    <Filter Include="library\design-pattern">
      <UniqueIdentifier>{caa6d16d-8d07-4930-9be0-8fd6e849fa7d}</UniqueIdentifier>
    </Filter>
    <Filter Include="engine">
      <UniqueIdentifier>{8fe7a2e8-4624-46c9-9df9-00e1197e3600}</UniqueIdentifier>
    </Filter>
    <Filter Include="engine\object">
      <UniqueIdentifier>{85ab26d8-480c-4454-9a96-09dc7770a403}</UniqueIdentifier>
    </Filter>
    <Filter Include="library\data-structure">
      <UniqueIdentifier>{771c2d93-6c13-4ab5-be7f-142493c6e631}</UniqueIdentifier>
    </Filter>
    <Filter Include="engine\component">
      <UniqueIdentifier>{1a81e453-9167-434b-ba14-0a3c60dcce21}</UniqueIdentifier>
    </Filter>
    <Filter Include="engine\frame">
      <UniqueIdentifier>{45be5454-0070-4436-bfed-c7fb4c1b519f}</UniqueIdentifier>
    </Filter>
    <Filter Include="engine\timer">
      <UniqueIdentifier>{d7768b1d-d6de-4ccf-ac61-eb55d9d88f73}</UniqueIdentifier>
    </Filter>
  </ItemGroup>
  <ItemGroup>
    <ClCompile Include="main.cpp" />
  </ItemGroup>
</Project>