<?xml version="1.0" encoding="utf-8"?>
<Project ToolsVersion="4.0" xmlns="http://schemas.microsoft.com/developer/msbuild/2003">
  <ItemGroup>
    <ClInclude Include="design-pattern\singleton.h">
      <Filter>library\design-pattern</Filter>
    </ClInclude>
    <ClInclude Include="engine.h">
      <Filter>engine</Filter>
    </ClInclude>
    <ClInclude Include="object_manager.h">
      <Filter>engine\object</Filter>
    </ClInclude>
    <ClInclude Include="object.h">
      <Filter>engine\object</Filter>
    </ClInclude>
    <ClInclude Include="data-structure\list.h">
      <Filter>library\data-structure</Filter>
    </ClInclude>
    <ClInclude Include="data-structure\map.h">
      <Filter>library\data-structure</Filter>
    </ClInclude>
    <ClInclude Include="data-structure\predicate.h">
      <Filter>library\data-structure</Filter>
    </ClInclude>
    <ClInclude Include="data-structure\pair.h">
      <Filter>library\data-structure</Filter>
    </ClInclude>
    <ClInclude Include="component.h">
      <Filter>engine\component</Filter>
    </ClInclude>
    <ClInclude Include="component_manager.h">
      <Filter>engine\component</Filter>
    </ClInclude>
    <ClInclude Include="data-structure\unordered_map.h">
      <Filter>library\data-structure</Filter>
    </ClInclude>
    <ClInclude Include="data-structure\hash.h">
      <Filter>library\data-structure</Filter>
    </ClInclude>
    <ClInclude Include="data-structure\vector.h">
      <Filter>library\data-structure</Filter>
    </ClInclude>
    <ClInclude Include="timer_manager.h">
      <Filter>engine\timer</Filter>
    </ClInclude>
    <ClInclude Include="timer.h">
      <Filter>engine\timer</Filter>
    </ClInclude>
    <ClInclude Include="graphic.h">
      <Filter>engine\graphic</Filter>
    </ClInclude>
    <ClInclude Include="window\bitmap.h">
      <Filter>library\window</Filter>
    </ClInclude>
    <ClInclude Include="window\brush.h">
      <Filter>library\window</Filter>
    </ClInclude>
    <ClInclude Include="window\cls.h">
      <Filter>library\window</Filter>
    </ClInclude>
    <ClInclude Include="window\cursor.h">
      <Filter>library\window</Filter>
    </ClInclude>
    <ClInclude Include="window\device_context.h">
      <Filter>library\window</Filter>
    </ClInclude>
    <ClInclude Include="window\icon.h">
      <Filter>library\window</Filter>
    </ClInclude>
    <ClInclude Include="window\object.h">
      <Filter>library\window</Filter>
    </ClInclude>
    <ClInclude Include="window\pen.h">
      <Filter>library\window</Filter>
    </ClInclude>
    <ClInclude Include="window\sct.h">
      <Filter>library\window</Filter>
    </ClInclude>
    <ClInclude Include="window\window.h">
      <Filter>library\window</Filter>
    </ClInclude>
    <ClInclude Include="screen.h">
      <Filter>engine\graphic</Filter>
    </ClInclude>
    <ClInclude Include="input_manager.h">
      <Filter>engine\input</Filter>
    </ClInclude>
    <ClInclude Include="window\instance.h">
      <Filter>library\window</Filter>
    </ClInclude>
    <ClInclude Include="sound_manager.h">
      <Filter>engine\sound</Filter>
    </ClInclude>
    <ClInclude Include="fmod\fmod.h">
      <Filter>library\fmod</Filter>
    </ClInclude>
    <ClInclude Include="fmod\fmod.hpp">
      <Filter>library\fmod</Filter>
    </ClInclude>
    <ClInclude Include="fmod\fmod_codec.h">
      <Filter>library\fmod</Filter>
    </ClInclude>
    <ClInclude Include="fmod\fmod_common.h">
      <Filter>library\fmod</Filter>
    </ClInclude>
    <ClInclude Include="fmod\fmod_dsp.h">
      <Filter>library\fmod</Filter>
    </ClInclude>
    <ClInclude Include="fmod\fmod_dsp_effects.h">
      <Filter>library\fmod</Filter>
    </ClInclude>
    <ClInclude Include="fmod\fmod_errors.h">
      <Filter>library\fmod</Filter>
    </ClInclude>
    <ClInclude Include="fmod\fmod_output.h">
      <Filter>library\fmod</Filter>
    </ClInclude>
    <ClInclude Include="device.h">
      <Filter>engine\input</Filter>
    </ClInclude>
  </ItemGroup>
  <ItemGroup>
    <Filter Include="library">
      <UniqueIdentifier>{256e3e59-a51d-4f09-a97c-ce0fc5e9608e}</UniqueIdentifier>
    </Filter>
    <Filter Include="library\design-pattern">
      <UniqueIdentifier>{caa6d16d-8d07-4930-9be0-8fd6e849fa7d}</UniqueIdentifier>
    </Filter>
    <Filter Include="engine">
      <UniqueIdentifier>{8fe7a2e8-4624-46c9-9df9-00e1197e3600}</UniqueIdentifier>
    </Filter>
    <Filter Include="engine\object">
      <UniqueIdentifier>{85ab26d8-480c-4454-9a96-09dc7770a403}</UniqueIdentifier>
    </Filter>
    <Filter Include="library\data-structure">
      <UniqueIdentifier>{771c2d93-6c13-4ab5-be7f-142493c6e631}</UniqueIdentifier>
    </Filter>
    <Filter Include="engine\component">
      <UniqueIdentifier>{1a81e453-9167-434b-ba14-0a3c60dcce21}</UniqueIdentifier>
    </Filter>
    <Filter Include="engine\timer">
      <UniqueIdentifier>{d7768b1d-d6de-4ccf-ac61-eb55d9d88f73}</UniqueIdentifier>
    </Filter>
    <Filter Include="engine\graphic">
      <UniqueIdentifier>{5b665514-fe03-4e9e-b977-5b05d10f453a}</UniqueIdentifier>
    </Filter>
    <Filter Include="library\window">
      <UniqueIdentifier>{87df505c-6b6b-4f5e-9403-41b83b262493}</UniqueIdentifier>
    </Filter>
    <Filter Include="engine\input">
      <UniqueIdentifier>{5f02737a-cdea-44e9-9dae-322c26fa36d5}</UniqueIdentifier>
    </Filter>
    <Filter Include="engine\sound">
      <UniqueIdentifier>{0216325f-ca29-4b94-a9c3-4589e26a6184}</UniqueIdentifier>
    </Filter>
    <Filter Include="library\fmod">
      <UniqueIdentifier>{06f7939b-8986-4ee6-915b-cf8c73cc2ef3}</UniqueIdentifier>
    </Filter>
  </ItemGroup>
  <ItemGroup>
    <ClCompile Include="main.cpp" />
  </ItemGroup>
  <ItemGroup>
    <None Include="fmod\fmod.dll">
      <Filter>library\fmod</Filter>
    </None>
    <None Include="fmod\fmodL.dll">
      <Filter>library\fmod</Filter>
    </None>
    <None Include="packages.config" />
  </ItemGroup>
  <ItemGroup>
    <Library Include="fmod\fmod_vc.lib">
      <Filter>library\fmod</Filter>
    </Library>
    <Library Include="fmod\fmodL_vc.lib">
      <Filter>library\fmod</Filter>
    </Library>
  </ItemGroup>
</Project>