<?xml version="1.0" encoding="utf-8"?>
<Project ToolsVersion="4.0" xmlns="http://schemas.microsoft.com/developer/msbuild/2003">
  <ItemGroup>
    <ClCompile Include="main.cpp" />
  </ItemGroup>
  <ItemGroup>
    <ClInclude Include="event.h">
      <Filter>synchronize</Filter>
    </ClInclude>
    <ClInclude Include="wait_on_address.h">
      <Filter>synchronize</Filter>
    </ClInclude>
    <ClInclude Include="condition_variable.h">
      <Filter>synchronize</Filter>
    </ClInclude>
    <ClInclude Include="ordering.h">
      <Filter>ordering</Filter>
    </ClInclude>
    <ClInclude Include="mutex.h">
      <Filter>synchronize</Filter>
    </ClInclude>
    <ClInclude Include="lock\critical_section.h">
      <Filter>lock</Filter>
    </ClInclude>
    <ClInclude Include="lock\slim_read_write.h">
      <Filter>lock</Filter>
    </ClInclude>
    <ClInclude Include="lock\spin.h">
      <Filter>lock</Filter>
    </ClInclude>
    <ClInclude Include="lock\wait_on_address.h">
      <Filter>lock</Filter>
    </ClInclude>
  </ItemGroup>
  <ItemGroup>
    <Filter Include="lock">
      <UniqueIdentifier>{1ef91688-46c6-4ef2-a8ad-dac8b0f179e3}</UniqueIdentifier>
    </Filter>
    <Filter Include="synchronize">
      <UniqueIdentifier>{d2d2cf42-5c1e-4111-befa-3810c241761b}</UniqueIdentifier>
    </Filter>
    <Filter Include="ordering">
      <UniqueIdentifier>{8774c50b-42c6-49cf-804a-d82ef0838d05}</UniqueIdentifier>
    </Filter>
  </ItemGroup>
</Project>