<?xml version="1.0" encoding="utf-8"?>
<Project ToolsVersion="4.0" xmlns="http://schemas.microsoft.com/developer/msbuild/2003">
  <ItemGroup>
    <ClCompile Include="main.cpp" />
  </ItemGroup>
  <ItemGroup>
    <ClInclude Include="network.h" />
    <ClInclude Include="socket.h" />
    <ClInclude Include="domain.h" />
    <ClInclude Include="storage.h" />
    <ClInclude Include="rpc.h">
      <Filter>select\temp\rpc</Filter>
    </ClInclude>
    <ClInclude Include="test.h">
      <Filter>select\temp\rpc</Filter>
    </ClInclude>
    <ClInclude Include="server.h">
      <Filter>select\temp\server</Filter>
    </ClInclude>
    <ClInclude Include="session.h">
      <Filter>select\temp\server</Filter>
    </ClInclude>
    <ClInclude Include="server_v2.h">
      <Filter>select\temp\server</Filter>
    </ClInclude>
    <ClInclude Include="poll.h">
      <Filter>select</Filter>
    </ClInclude>
    <ClInclude Include="iocp\server.h">
      <Filter>iocp</Filter>
    </ClInclude>
    <ClInclude Include="select.h" />
    <ClInclude Include="file_descriptor.h" />
    <ClInclude Include="async.h" />
  </ItemGroup>
  <ItemGroup>
    <Filter Include="select">
      <UniqueIdentifier>{b2adf759-0d47-455c-85c2-56ff88e6de14}</UniqueIdentifier>
    </Filter>
    <Filter Include="select\temp">
      <UniqueIdentifier>{21f35bef-943e-4203-8769-e3b006c13068}</UniqueIdentifier>
    </Filter>
    <Filter Include="select\temp\server">
      <UniqueIdentifier>{7cddaa94-4ba8-4b00-9b1a-01cf0dab3a58}</UniqueIdentifier>
    </Filter>
    <Filter Include="select\temp\rpc">
      <UniqueIdentifier>{07816cbe-b499-4ade-8f34-1efb93fa54aa}</UniqueIdentifier>
    </Filter>
    <Filter Include="iocp">
      <UniqueIdentifier>{29c78510-960a-4674-84b0-efe6ea67fd09}</UniqueIdentifier>
    </Filter>
  </ItemGroup>
  <ItemGroup>
    <None Include="rpc.py">
      <Filter>select\temp\rpc</Filter>
    </None>
  </ItemGroup>
</Project>